
Microsoft Visual Studio Solution File, Format Version 12.00
# Visual Studio 14
VisualStudioVersion = 14.0.25420.1
MinimumVisualStudioVersion = 10.0.40219.1
Project("{55FA0569-4672-16E5-EA03-DDD2565F7492}") = "Juliet.src.testcases.CWE426_Untrusted_Search_Path.CWE426_Untrusted_Search_Path.csproj", "src/testcases/CWE426_Untrusted_Search_Path/CWE426_Untrusted_Search_Path.csproj", "{3903CCC1-E52D-9C93-EB23-0AF11E293E5C}"
EndProject
Project("{55FA0569-4672-16E5-EA03-DDD2565F7492}") = "Juliet.src.testcases.CWE606_Unchecked_Loop_Condition.CWE606_Unchecked_Loop_Condition.csproj", "src/testcases/CWE606_Unchecked_Loop_Condition/CWE606_Unchecked_Loop_Condition.csproj", "{8278FF8D-B797-C46C-A5EA-55B7E61CEB1F}"
EndProject
Project("{55FA0569-4672-16E5-EA03-DDD2565F7492}") = "Juliet.src.testcases.CWE94_Improper_Control_of_Generation_of_Code.CWE94_Improper_Control_of_Generation_of_Code.csproj", "src/testcases/CWE94_Improper_Control_of_Generation_of_Code/CWE94_Improper_Control_of_Generation_of_Code.csproj", "{CEB3014F-353A-0A32-FA37-09B669B9A305}"
EndProject
Project("{55FA0569-4672-16E5-EA03-DDD2565F7492}") = "Juliet.src.testcases.CWE89_SQL_Injection.s02.CWE89_SQL_Injection_s02.csproj", "src/testcases/CWE89_SQL_Injection/s02/CWE89_SQL_Injection_s02.csproj", "{E1849815-F4C1-C68F-F6D0-195B897F226D}"
EndProject
Project("{55FA0569-4672-16E5-EA03-DDD2565F7492}") = "Juliet.src.testcases.CWE89_SQL_Injection.s01.CWE89_SQL_Injection_s01.csproj", "src/testcases/CWE89_SQL_Injection/s01/CWE89_SQL_Injection_s01.csproj", "{FEFC2808-57A2-B150-CCB1-0CD32BF23989}"
EndProject
Project("{55FA0569-4672-16E5-EA03-DDD2565F7492}") = "Juliet.src.testcases.CWE563_Assign_to_Variable_Without_Use.CWE563_Assign_to_Variable_Without_Use.csproj", "src/testcases/CWE563_Assign_to_Variable_Without_Use/CWE563_Assign_to_Variable_Without_Use.csproj", "{D4C1B17D-3D4E-D87B-EB8F-F8532C0073C2}"
EndProject
Project("{55FA0569-4672-16E5-EA03-DDD2565F7492}") = "Juliet.src.testcases.CWE478_Missing_Default_Case_in_Switch.CWE478_Missing_Default_Case_in_Switch.csproj", "src/testcases/CWE478_Missing_Default_Case_in_Switch/CWE478_Missing_Default_Case_in_Switch.csproj", "{5FA2F55B-B46F-8F25-27D6-F10EBDBD252A}"
EndProject
Project("{55FA0569-4672-16E5-EA03-DDD2565F7492}") = "Juliet.src.testcases.CWE404_Improper_Resource_Shutdown.CWE404_Improper_Resource_Shutdown.csproj", "src/testcases/CWE404_Improper_Resource_Shutdown/CWE404_Improper_Resource_Shutdown.csproj", "{861E2F90-99F8-5113-F5FF-C853D665F702}"
EndProject
Project("{55FA0569-4672-16E5-EA03-DDD2565F7492}") = "Juliet.src.testcases.CWE675_Duplicate_Operations_on_Resource.CWE675_Duplicate_Operations_on_Resource.csproj", "src/testcases/CWE675_Duplicate_Operations_on_Resource/CWE675_Duplicate_Operations_on_Resource.csproj", "{E3E87D14-AC20-0764-EF2C-27F38DB4F1C9}"
EndProject
Project("{55FA0569-4672-16E5-EA03-DDD2565F7492}") = "Juliet.src.testcases.CWE350_Reliance_on_Reverse_DNS_Resolution_for_Security_Action.CWE350_Reliance_on_Reverse_DNS_Resolution_for_Security_Action.csproj", "src/testcases/CWE350_Reliance_on_Reverse_DNS_Resolution_for_Security_Action/CWE350_Reliance_on_Reverse_DNS_Resolution_for_Security_Action.csproj", "{8C3ADFAE-E074-C09F-E15D-FEFDF65BB112}"
EndProject
Project("{55FA0569-4672-16E5-EA03-DDD2565F7492}") = "Juliet.src.testcases.CWE582_Array_Public_Readonly_Static.CWE582_Array_Public_Readonly_Static.csproj", "src/testcases/CWE582_Array_Public_Readonly_Static/CWE582_Array_Public_Readonly_Static.csproj", "{BD3616D8-F8D7-0452-2988-2B730AAA8B14}"
EndProject
Project("{55FA0569-4672-16E5-EA03-DDD2565F7492}") = "Juliet.src.testcases.CWE379_Temporary_File_Creation_in_Insecure_Dir.CWE379_Temporary_File_Creation_in_Insecure_Dir.csproj", "src/testcases/CWE379_Temporary_File_Creation_in_Insecure_Dir/CWE379_Temporary_File_Creation_in_Insecure_Dir.csproj", "{1407CF0F-6D42-8B7B-7167-C02E1FB11652}"
EndProject
Project("{55FA0569-4672-16E5-EA03-DDD2565F7492}") = "Juliet.src.testcases.CWE338_Weak_PRNG.CWE338_Weak_PRNG.csproj", "src/testcases/CWE338_Weak_PRNG/CWE338_Weak_PRNG.csproj", "{28D7350B-16C7-D2D3-2879-DD9A2EB68FA5}"
EndProject
Project("{55FA0569-4672-16E5-EA03-DDD2565F7492}") = "Juliet.src.testcases.CWE506_Embedded_Malicious_Code.CWE506_Embedded_Malicious_Code.csproj", "src/testcases/CWE506_Embedded_Malicious_Code/CWE506_Embedded_Malicious_Code.csproj", "{6434D04D-627C-D1C1-B218-687A401DF454}"
EndProject
Project("{55FA0569-4672-16E5-EA03-DDD2565F7492}") = "Juliet.src.testcases.CWE190_Integer_Overflow.s04.CWE190_Integer_Overflow_s04.csproj", "src/testcases/CWE190_Integer_Overflow/s04/CWE190_Integer_Overflow_s04.csproj", "{B20F9064-6C64-B590-5759-5D5A01F093AB}"
EndProject
Project("{55FA0569-4672-16E5-EA03-DDD2565F7492}") = "Juliet.src.testcases.CWE190_Integer_Overflow.s02.CWE190_Integer_Overflow_s02.csproj", "src/testcases/CWE190_Integer_Overflow/s02/CWE190_Integer_Overflow_s02.csproj", "{14AE7D6B-F1F9-FCCE-AD6F-85B8733CC8C2}"
EndProject
Project("{55FA0569-4672-16E5-EA03-DDD2565F7492}") = "Juliet.src.testcases.CWE190_Integer_Overflow.s05.CWE190_Integer_Overflow_s05.csproj", "src/testcases/CWE190_Integer_Overflow/s05/CWE190_Integer_Overflow_s05.csproj", "{1B3026FA-ED0A-8DDB-BD8A-D37E8D4465B2}"
EndProject
Project("{55FA0569-4672-16E5-EA03-DDD2565F7492}") = "Juliet.src.testcases.CWE190_Integer_Overflow.s07.CWE190_Integer_Overflow_s07.csproj", "src/testcases/CWE190_Integer_Overflow/s07/CWE190_Integer_Overflow_s07.csproj", "{6F111A2C-3D34-3034-90BE-F9884353FFDC}"
EndProject
Project("{55FA0569-4672-16E5-EA03-DDD2565F7492}") = "Juliet.src.testcases.CWE190_Integer_Overflow.s01.CWE190_Integer_Overflow_s01.csproj", "src/testcases/CWE190_Integer_Overflow/s01/CWE190_Integer_Overflow_s01.csproj", "{CE870FDB-921E-C9D9-B5EC-3D8B3FE078AA}"
EndProject
Project("{55FA0569-4672-16E5-EA03-DDD2565F7492}") = "Juliet.src.testcases.CWE190_Integer_Overflow.s03.CWE190_Integer_Overflow_s03.csproj", "src/testcases/CWE190_Integer_Overflow/s03/CWE190_Integer_Overflow_s03.csproj", "{E2EBC0EF-81E4-9E57-2156-7EAEC4D3AF73}"
EndProject
Project("{55FA0569-4672-16E5-EA03-DDD2565F7492}") = "Juliet.src.testcases.CWE190_Integer_Overflow.s06.CWE190_Integer_Overflow_s06.csproj", "src/testcases/CWE190_Integer_Overflow/s06/CWE190_Integer_Overflow_s06.csproj", "{361EA0F1-D98B-6828-BEE8-2AF7A1FAF7CC}"
EndProject
Project("{55FA0569-4672-16E5-EA03-DDD2565F7492}") = "Juliet.src.testcases.CWE80_XSS.s02.CWE80_XSS_s02.csproj", "src/testcases/CWE80_XSS/s02/CWE80_XSS_s02.csproj", "{F18A0EFD-DD3F-3A25-2009-8720D7499AA5}"
EndProject
Project("{55FA0569-4672-16E5-EA03-DDD2565F7492}") = "Juliet.src.testcases.CWE80_XSS.s01.CWE80_XSS_s01.csproj", "src/testcases/CWE80_XSS/s01/CWE80_XSS_s01.csproj", "{1F03056A-2034-A9F6-7F44-84FBB3860E7D}"
EndProject
Project("{55FA0569-4672-16E5-EA03-DDD2565F7492}") = "Juliet.src.testcases.CWE566_Authorization_Bypass_Through_SQL_Primary.CWE566_Authorization_Bypass_Through_SQL_Primary.csproj", "src/testcases/CWE566_Authorization_Bypass_Through_SQL_Primary/CWE566_Authorization_Bypass_Through_SQL_Primary.csproj", "{83E81276-3D3C-DE82-59AF-723724B1E9A4}"
EndProject
Project("{55FA0569-4672-16E5-EA03-DDD2565F7492}") = "Juliet.src.testcases.CWE23_Relative_Path_Traversal.CWE23_Relative_Path_Traversal.csproj", "src/testcases/CWE23_Relative_Path_Traversal/CWE23_Relative_Path_Traversal.csproj", "{7C08A83C-82B1-22F4-9724-38C869F0E44D}"
EndProject
Project("{55FA0569-4672-16E5-EA03-DDD2565F7492}") = "Juliet.src.testcases.CWE83_XSS_Attribute.CWE83_XSS_Attribute.csproj", "src/testcases/CWE83_XSS_Attribute/CWE83_XSS_Attribute.csproj", "{B0213D64-D73A-083B-5843-8E7D88384D78}"
EndProject
Project("{55FA0569-4672-16E5-EA03-DDD2565F7492}") = "Juliet.src.testcases.CWE256_Unprotected_Storage_of_Credentials.CWE256_Unprotected_Storage_of_Credentials.csproj", "src/testcases/CWE256_Unprotected_Storage_of_Credentials/CWE256_Unprotected_Storage_of_Credentials.csproj", "{5193D57C-9CAD-30DE-02B5-ADBFDAE3C7C9}"
EndProject
Project("{55FA0569-4672-16E5-EA03-DDD2565F7492}") = "Juliet.src.testcases.CWE369_Divide_by_Zero.s02.CWE369_Divide_by_Zero_s02.csproj", "src/testcases/CWE369_Divide_by_Zero/s02/CWE369_Divide_by_Zero_s02.csproj", "{59F9A324-62D7-B65B-A311-83F620BB1A74}"
EndProject
Project("{55FA0569-4672-16E5-EA03-DDD2565F7492}") = "Juliet.src.testcases.CWE369_Divide_by_Zero.s01.CWE369_Divide_by_Zero_s01.csproj", "src/testcases/CWE369_Divide_by_Zero/s01/CWE369_Divide_by_Zero_s01.csproj", "{359386C6-3823-1831-6AB5-7AEDE72DDA74}"
EndProject
Project("{55FA0569-4672-16E5-EA03-DDD2565F7492}") = "Juliet.src.testcases.CWE369_Divide_by_Zero.s03.CWE369_Divide_by_Zero_s03.csproj", "src/testcases/CWE369_Divide_by_Zero/s03/CWE369_Divide_by_Zero_s03.csproj", "{BB0374CC-CFCD-315B-963B-AB91CD444145}"
EndProject
Project("{55FA0569-4672-16E5-EA03-DDD2565F7492}") = "Juliet.src.testcases.CWE197_Numeric_Truncation_Error.s04.CWE197_Numeric_Truncation_Error_s04.csproj", "src/testcases/CWE197_Numeric_Truncation_Error/s04/CWE197_Numeric_Truncation_Error_s04.csproj", "{13B74DD5-B7CC-8AAE-B1E7-F71097013779}"
EndProject
Project("{55FA0569-4672-16E5-EA03-DDD2565F7492}") = "Juliet.src.testcases.CWE197_Numeric_Truncation_Error.s02.CWE197_Numeric_Truncation_Error_s02.csproj", "src/testcases/CWE197_Numeric_Truncation_Error/s02/CWE197_Numeric_Truncation_Error_s02.csproj", "{83B7E1B9-B4B8-39EB-125A-6F12A4CB006C}"
EndProject
Project("{55FA0569-4672-16E5-EA03-DDD2565F7492}") = "Juliet.src.testcases.CWE197_Numeric_Truncation_Error.s05.CWE197_Numeric_Truncation_Error_s05.csproj", "src/testcases/CWE197_Numeric_Truncation_Error/s05/CWE197_Numeric_Truncation_Error_s05.csproj", "{3945191C-1369-2F71-6C32-68F430675F73}"
EndProject
Project("{55FA0569-4672-16E5-EA03-DDD2565F7492}") = "Juliet.src.testcases.CWE197_Numeric_Truncation_Error.s07.CWE197_Numeric_Truncation_Error_s07.csproj", "src/testcases/CWE197_Numeric_Truncation_Error/s07/CWE197_Numeric_Truncation_Error_s07.csproj", "{38970F47-4C74-1250-C2E8-57A581E45318}"
EndProject
Project("{55FA0569-4672-16E5-EA03-DDD2565F7492}") = "Juliet.src.testcases.CWE197_Numeric_Truncation_Error.s01.CWE197_Numeric_Truncation_Error_s01.csproj", "src/testcases/CWE197_Numeric_Truncation_Error/s01/CWE197_Numeric_Truncation_Error_s01.csproj", "{7F929CE5-51FA-9B56-4669-6D7461456DC5}"
EndProject
Project("{55FA0569-4672-16E5-EA03-DDD2565F7492}") = "Juliet.src.testcases.CWE197_Numeric_Truncation_Error.s08.CWE197_Numeric_Truncation_Error_s08.csproj", "src/testcases/CWE197_Numeric_Truncation_Error/s08/CWE197_Numeric_Truncation_Error_s08.csproj", "{8B5E82D6-48A0-B148-181F-01AF9E5EFBEF}"
EndProject
Project("{55FA0569-4672-16E5-EA03-DDD2565F7492}") = "Juliet.src.testcases.CWE197_Numeric_Truncation_Error.s09.CWE197_Numeric_Truncation_Error_s09.csproj", "src/testcases/CWE197_Numeric_Truncation_Error/s09/CWE197_Numeric_Truncation_Error_s09.csproj", "{0AC351DB-31AF-6785-0D32-2159A7FEC799}"
EndProject
Project("{55FA0569-4672-16E5-EA03-DDD2565F7492}") = "Juliet.src.testcases.CWE197_Numeric_Truncation_Error.s03.CWE197_Numeric_Truncation_Error_s03.csproj", "src/testcases/CWE197_Numeric_Truncation_Error/s03/CWE197_Numeric_Truncation_Error_s03.csproj", "{4672B592-E168-533C-CFEB-482E9EDAFE64}"
EndProject
Project("{55FA0569-4672-16E5-EA03-DDD2565F7492}") = "Juliet.src.testcases.CWE197_Numeric_Truncation_Error.s06.CWE197_Numeric_Truncation_Error_s06.csproj", "src/testcases/CWE197_Numeric_Truncation_Error/s06/CWE197_Numeric_Truncation_Error_s06.csproj", "{D1C3DBA4-B5A7-C38D-622C-56DB843024A7}"
EndProject
Project("{55FA0569-4672-16E5-EA03-DDD2565F7492}") = "Juliet.src.testcases.CWE539_Information_Exposure_Through_Persistent_Cookie.CWE539_Information_Exposure_Through_Persistent_Cookie.csproj", "src/testcases/CWE539_Information_Exposure_Through_Persistent_Cookie/CWE539_Information_Exposure_Through_Persistent_Cookie.csproj", "{7F826BD2-06DA-A9FD-363E-EEAE2724AF37}"
EndProject
Project("{55FA0569-4672-16E5-EA03-DDD2565F7492}") = "Juliet.src.testcases.CWE366_Race_Condition_within_a_Thread.CWE366_Race_Condition_within_a_Thread.csproj", "src/testcases/CWE366_Race_Condition_within_a_Thread/CWE366_Race_Condition_within_a_Thread.csproj", "{17EF9F75-5711-93AB-F82C-A855F7F6DBB5}"
EndProject
Project("{55FA0569-4672-16E5-EA03-DDD2565F7492}") = "Juliet.src.testcases.CWE129_Improper_Validation_of_Array_Index.s04.CWE129_Improper_Validation_of_Array_Index_s04.csproj", "src/testcases/CWE129_Improper_Validation_of_Array_Index/s04/CWE129_Improper_Validation_of_Array_Index_s04.csproj", "{6CC5E160-DD6D-A2DA-4BAF-378F82CEAA9D}"
EndProject
Project("{55FA0569-4672-16E5-EA03-DDD2565F7492}") = "Juliet.src.testcases.CWE129_Improper_Validation_of_Array_Index.s02.CWE129_Improper_Validation_of_Array_Index_s02.csproj", "src/testcases/CWE129_Improper_Validation_of_Array_Index/s02/CWE129_Improper_Validation_of_Array_Index_s02.csproj", "{EC88B553-27F7-EB40-64C7-367ADE93B368}"
EndProject
Project("{55FA0569-4672-16E5-EA03-DDD2565F7492}") = "Juliet.src.testcases.CWE129_Improper_Validation_of_Array_Index.s01.CWE129_Improper_Validation_of_Array_Index_s01.csproj", "src/testcases/CWE129_Improper_Validation_of_Array_Index/s01/CWE129_Improper_Validation_of_Array_Index_s01.csproj", "{DC538D3C-CFC7-ADE1-9B0C-CAA9A658158A}"
EndProject
Project("{55FA0569-4672-16E5-EA03-DDD2565F7492}") = "Juliet.src.testcases.CWE129_Improper_Validation_of_Array_Index.s03.CWE129_Improper_Validation_of_Array_Index_s03.csproj", "src/testcases/CWE129_Improper_Validation_of_Array_Index/s03/CWE129_Improper_Validation_of_Array_Index_s03.csproj", "{98BD12D4-BA6F-4C4F-37D7-21305C461355}"
EndProject
Project("{55FA0569-4672-16E5-EA03-DDD2565F7492}") = "Juliet.src.testcases.CWE561_Dead_Code.CWE561_Dead_Code.csproj", "src/testcases/CWE561_Dead_Code/CWE561_Dead_Code.csproj", "{2D729A2F-BFB3-437D-E4A2-C9F7134BFA3F}"
EndProject
Project("{55FA0569-4672-16E5-EA03-DDD2565F7492}") = "Juliet.src.testcases.CWE681_Incorrect_Conversion_Between_Numeric_Types.CWE681_Incorrect_Conversion_Between_Numeric_Types.csproj", "src/testcases/CWE681_Incorrect_Conversion_Between_Numeric_Types/CWE681_Incorrect_Conversion_Between_Numeric_Types.csproj", "{70EA8441-47DE-25BB-5EB7-B0E8F1F8F578}"
EndProject
Project("{55FA0569-4672-16E5-EA03-DDD2565F7492}") = "Juliet.src.testcases.CWE325_Missing_Required_Cryptographic_Step.CWE325_Missing_Required_Cryptographic_Step.csproj", "src/testcases/CWE325_Missing_Required_Cryptographic_Step/CWE325_Missing_Required_Cryptographic_Step.csproj", "{06AEFA05-D0D9-8BBC-92D1-9598A66C0948}"
EndProject
Project("{55FA0569-4672-16E5-EA03-DDD2565F7492}") = "Juliet.src.testcases.CWE510_Trapdoor.CWE510_Trapdoor.csproj", "src/testcases/CWE510_Trapdoor/CWE510_Trapdoor.csproj", "{B36EB221-C7F1-1DC2-1A60-50D271EA959D}"
EndProject
Project("{55FA0569-4672-16E5-EA03-DDD2565F7492}") = "Juliet.src.testcases.CWE614_Sensitive_Cookie_Without_Secure.CWE614_Sensitive_Cookie_Without_Secure.csproj", "src/testcases/CWE614_Sensitive_Cookie_Without_Secure/CWE614_Sensitive_Cookie_Without_Secure.csproj", "{8E2986FC-46AC-AA42-DD9B-9CE7481768FC}"
EndProject
Project("{55FA0569-4672-16E5-EA03-DDD2565F7492}") = "Juliet.src.testcases.CWE609_Double_Checked_Locking.CWE609_Double_Checked_Locking.csproj", "src/testcases/CWE609_Double_Checked_Locking/CWE609_Double_Checked_Locking.csproj", "{7F886F77-5066-F552-57DB-3958FF51520B}"
EndProject
Project("{55FA0569-4672-16E5-EA03-DDD2565F7492}") = "Juliet.src.testcases.CWE833_Deadlock.CWE833_Deadlock.csproj", "src/testcases/CWE833_Deadlock/CWE833_Deadlock.csproj", "{D3D155BF-5EDB-E845-4825-9FD492C783D0}"
EndProject
Project("{55FA0569-4672-16E5-EA03-DDD2565F7492}") = "Juliet.src.testcases.CWE400_Uncontrolled_Resource_Consumption.s02.CWE400_Uncontrolled_Resource_Consumption_s02.csproj", "src/testcases/CWE400_Uncontrolled_Resource_Consumption/s02/CWE400_Uncontrolled_Resource_Consumption_s02.csproj", "{BC370E5C-E61F-66F0-9413-A5A23B46B944}"
EndProject
Project("{55FA0569-4672-16E5-EA03-DDD2565F7492}") = "Juliet.src.testcases.CWE400_Uncontrolled_Resource_Consumption.s01.CWE400_Uncontrolled_Resource_Consumption_s01.csproj", "src/testcases/CWE400_Uncontrolled_Resource_Consumption/s01/CWE400_Uncontrolled_Resource_Consumption_s01.csproj", "{6419C6AF-7139-AF3F-715C-5D397AA3B914}"
EndProject
Project("{55FA0569-4672-16E5-EA03-DDD2565F7492}") = "Juliet.src.testcases.CWE400_Uncontrolled_Resource_Consumption.s03.CWE400_Uncontrolled_Resource_Consumption_s03.csproj", "src/testcases/CWE400_Uncontrolled_Resource_Consumption/s03/CWE400_Uncontrolled_Resource_Consumption_s03.csproj", "{DFD44CA1-95BD-A149-8F0D-28D470F711CC}"
EndProject
Project("{55FA0569-4672-16E5-EA03-DDD2565F7492}") = "Juliet.src.testcases.CWE690_NULL_Deref_From_Return.CWE690_NULL_Deref_From_Return.csproj", "src/testcases/CWE690_NULL_Deref_From_Return/CWE690_NULL_Deref_From_Return.csproj", "{51299B46-DFEE-AEF9-03D0-EC3079E29F31}"
EndProject
Project("{55FA0569-4672-16E5-EA03-DDD2565F7492}") = "Juliet.src.testcases.CWE259_Hard_Coded_Password.CWE259_Hard_Coded_Password.csproj", "src/testcases/CWE259_Hard_Coded_Password/CWE259_Hard_Coded_Password.csproj", "{3A194A9E-C6F1-3096-8962-E38750E84D8A}"
EndProject
Project("{55FA0569-4672-16E5-EA03-DDD2565F7492}") = "Juliet.src.testcases.CWE191_Integer_Underflow.s04.CWE191_Integer_Underflow_s04.csproj", "src/testcases/CWE191_Integer_Underflow/s04/CWE191_Integer_Underflow_s04.csproj", "{A1B9E56F-D0C0-2301-77F6-336F57638957}"
EndProject
Project("{55FA0569-4672-16E5-EA03-DDD2565F7492}") = "Juliet.src.testcases.CWE191_Integer_Underflow.s02.CWE191_Integer_Underflow_s02.csproj", "src/testcases/CWE191_Integer_Underflow/s02/CWE191_Integer_Underflow_s02.csproj", "{D0323831-B06E-6746-8B0C-8084A7A9187A}"
EndProject
Project("{55FA0569-4672-16E5-EA03-DDD2565F7492}") = "Juliet.src.testcases.CWE191_Integer_Underflow.s05.CWE191_Integer_Underflow_s05.csproj", "src/testcases/CWE191_Integer_Underflow/s05/CWE191_Integer_Underflow_s05.csproj", "{61A59D94-A1C0-27FD-3B9E-449ADAFAA6A8}"
EndProject
Project("{55FA0569-4672-16E5-EA03-DDD2565F7492}") = "Juliet.src.testcases.CWE191_Integer_Underflow.s01.CWE191_Integer_Underflow_s01.csproj", "src/testcases/CWE191_Integer_Underflow/s01/CWE191_Integer_Underflow_s01.csproj", "{0D6629E8-9F74-64F5-2026-B136EAD1AC73}"
EndProject
Project("{55FA0569-4672-16E5-EA03-DDD2565F7492}") = "Juliet.src.testcases.CWE191_Integer_Underflow.s03.CWE191_Integer_Underflow_s03.csproj", "src/testcases/CWE191_Integer_Underflow/s03/CWE191_Integer_Underflow_s03.csproj", "{495CBB20-BA56-4D44-38A5-B6AE0154567A}"
EndProject
Project("{55FA0569-4672-16E5-EA03-DDD2565F7492}") = "Juliet.src.testcases.CWE549_Missing_Password_Masking.CWE549_Missing_Password_Masking.csproj", "src/testcases/CWE549_Missing_Password_Masking/CWE549_Missing_Password_Masking.csproj", "{FCF9477D-EADB-721E-B7C6-ED69E6953D35}"
EndProject
Project("{55FA0569-4672-16E5-EA03-DDD2565F7492}") = "Juliet.src.testcases.CWE613_Insufficient_Session_Expiration.CWE613_Insufficient_Session_Expiration.csproj", "src/testcases/CWE613_Insufficient_Session_Expiration/CWE613_Insufficient_Session_Expiration.csproj", "{CDB52C14-2A03-C3A0-4867-818BB35D5B8A}"
EndProject
Project("{55FA0569-4672-16E5-EA03-DDD2565F7492}") = "Juliet.src.testcases.CWE571_Expression_Always_True.CWE571_Expression_Always_True.csproj", "src/testcases/CWE571_Expression_Always_True/CWE571_Expression_Always_True.csproj", "{A9F44128-7A8E-E277-32F2-1AC85B1C2607}"
EndProject
Project("{55FA0569-4672-16E5-EA03-DDD2565F7492}") = "Juliet.src.testcases.CWE698_Execution_After_Redirect.CWE698_Execution_After_Redirect.csproj", "src/testcases/CWE698_Execution_After_Redirect/CWE698_Execution_After_Redirect.csproj", "{2258596F-602E-4A4E-4C70-758C9345FFD6}"
EndProject
Project("{55FA0569-4672-16E5-EA03-DDD2565F7492}") = "Juliet.src.testcases.CWE329_Not_Using_Random_IV_with_CBC_Mode.CWE329_Not_Using_Random_IV_with_CBC_Mode.csproj", "src/testcases/CWE329_Not_Using_Random_IV_with_CBC_Mode/CWE329_Not_Using_Random_IV_with_CBC_Mode.csproj", "{5D733A4A-47E1-37CC-17AB-CDF88EC8A243}"
EndProject
Project("{55FA0569-4672-16E5-EA03-DDD2565F7492}") = "Juliet.src.testcases.CWE261_Weak_Cryptography_for_Passwords.CWE261_Weak_Cryptography_for_Passwords.csproj", "src/testcases/CWE261_Weak_Cryptography_for_Passwords/CWE261_Weak_Cryptography_for_Passwords.csproj", "{DE0D012E-9B9A-2F54-F446-1A10CEA217C7}"
EndProject
Project("{55FA0569-4672-16E5-EA03-DDD2565F7492}") = "Juliet.src.testcases.CWE459_Incomplete_Cleanup.CWE459_Incomplete_Cleanup.csproj", "src/testcases/CWE459_Incomplete_Cleanup/CWE459_Incomplete_Cleanup.csproj", "{84A1C9DF-0168-B7DA-2742-96D10DABD4A6}"
EndProject
Project("{55FA0569-4672-16E5-EA03-DDD2565F7492}") = "Juliet.src.testcases.CWE252_Unchecked_Return_Value.CWE252_Unchecked_Return_Value.csproj", "src/testcases/CWE252_Unchecked_Return_Value/CWE252_Unchecked_Return_Value.csproj", "{EF983572-B518-3146-3033-273CA644BCCA}"
EndProject
Project("{55FA0569-4672-16E5-EA03-DDD2565F7492}") = "Juliet.src.testcases.CWE481_Assigning_Instead_of_Comparing.CWE481_Assigning_Instead_of_Comparing.csproj", "src/testcases/CWE481_Assigning_Instead_of_Comparing/CWE481_Assigning_Instead_of_Comparing.csproj", "{E8FA3A1E-DBCE-A2C6-5251-C7F692B1A855}"
EndProject
Project("{55FA0569-4672-16E5-EA03-DDD2565F7492}") = "Juliet.src.testcases.CWE483_Incorrect_Block_Delimitation.CWE483_Incorrect_Block_Delimitation.csproj", "src/testcases/CWE483_Incorrect_Block_Delimitation/CWE483_Incorrect_Block_Delimitation.csproj", "{9AD62ED0-AA25-28FE-16DA-CFE1F349F96C}"
EndProject
Project("{55FA0569-4672-16E5-EA03-DDD2565F7492}") = "Juliet.src.testcases.CWE764_Multiple_Locks.CWE764_Multiple_Locks.csproj", "src/testcases/CWE764_Multiple_Locks/CWE764_Multiple_Locks.csproj", "{C0455EDF-4327-C972-0F66-B23119633614}"
EndProject
Project("{55FA0569-4672-16E5-EA03-DDD2565F7492}") = "Juliet.src.testcases.CWE598_Information_Exposure_QueryString.CWE598_Information_Exposure_QueryString.csproj", "src/testcases/CWE598_Information_Exposure_QueryString/CWE598_Information_Exposure_QueryString.csproj", "{C4B9ABF1-ABC2-E94D-F980-AEC806DAA05C}"
EndProject
Project("{55FA0569-4672-16E5-EA03-DDD2565F7492}") = "Juliet.src.testcases.CWE759_Unsalted_One_Way_Hash.CWE759_Unsalted_One_Way_Hash.csproj", "src/testcases/CWE759_Unsalted_One_Way_Hash/CWE759_Unsalted_One_Way_Hash.csproj", "{F11E709F-E795-2B95-730F-0938BEA2982C}"
EndProject
Project("{55FA0569-4672-16E5-EA03-DDD2565F7492}") = "Juliet.src.testcases.CWE617_Reachable_Assertion.CWE617_Reachable_Assertion.csproj", "src/testcases/CWE617_Reachable_Assertion/CWE617_Reachable_Assertion.csproj", "{37703F96-3A9D-1CA5-EE3D-EF1EDF5D5E46}"
EndProject
Project("{55FA0569-4672-16E5-EA03-DDD2565F7492}") = "Juliet.src.testcases.CWE209_Information_Leak_Error.CWE209_Information_Leak_Error.csproj", "src/testcases/CWE209_Information_Leak_Error/CWE209_Information_Leak_Error.csproj", "{25E282E2-2775-9661-3132-E9F689AAA5AA}"
EndProject
Project("{55FA0569-4672-16E5-EA03-DDD2565F7492}") = "Juliet.src.testcases.CWE832_Unlock_Not_Locked.CWE832_Unlock_Not_Locked.csproj", "src/testcases/CWE832_Unlock_Not_Locked/CWE832_Unlock_Not_Locked.csproj", "{723ABC4F-2B7B-436D-1E24-EDB21369DD86}"
EndProject
Project("{55FA0569-4672-16E5-EA03-DDD2565F7492}") = "Juliet.src.testcases.CWE314_Cleartext_Storage_in_the_Registry.CWE314_Cleartext_Storage_in_the_Registry.csproj", "src/testcases/CWE314_Cleartext_Storage_in_the_Registry/CWE314_Cleartext_Storage_in_the_Registry.csproj", "{349AC7C8-9647-8CB4-AC09-3CD7FDD3ACBE}"
EndProject
Project("{55FA0569-4672-16E5-EA03-DDD2565F7492}") = "Juliet.src.testcases.CWE328_Reversible_One_Way_Hash.CWE328_Reversible_One_Way_Hash.csproj", "src/testcases/CWE328_Reversible_One_Way_Hash/CWE328_Reversible_One_Way_Hash.csproj", "{16CB7012-193E-185C-4D72-A7DAC7BDD839}"
EndProject
Project("{55FA0569-4672-16E5-EA03-DDD2565F7492}") = "Juliet.src.testcases.CWE81_XSS_Error_Message.CWE81_XSS_Error_Message.csproj", "src/testcases/CWE81_XSS_Error_Message/CWE81_XSS_Error_Message.csproj", "{32491364-C375-2589-9EB4-DBF88111963B}"
EndProject
Project("{55FA0569-4672-16E5-EA03-DDD2565F7492}") = "Juliet.src.testcases.CWE532_Inclusion_of_Sensitive_Info_in_Log.CWE532_Inclusion_of_Sensitive_Info_in_Log.csproj", "src/testcases/CWE532_Inclusion_of_Sensitive_Info_in_Log/CWE532_Inclusion_of_Sensitive_Info_in_Log.csproj", "{4731D9A7-3DD9-9D0A-C56F-A288D1AE0841}"
EndProject
Project("{55FA0569-4672-16E5-EA03-DDD2565F7492}") = "Juliet.src.testcases.CWE397_Throw_Generic_Exception.CWE397_Throw_Generic_Exception.csproj", "src/testcases/CWE397_Throw_Generic_Exception/CWE397_Throw_Generic_Exception.csproj", "{60E8C8A1-00F0-88FA-072C-7D3536429AA3}"
EndProject
Project("{55FA0569-4672-16E5-EA03-DDD2565F7492}") = "Juliet.src.testcases.CWE15_External_Control_of_System_or_Configuration_Setting.CWE15_External_Control_of_System_or_Configuration_Setting.csproj", "src/testcases/CWE15_External_Control_of_System_or_Configuration_Setting/CWE15_External_Control_of_System_or_Configuration_Setting.csproj", "{08C5A29E-021F-F2EE-DA16-5484D154AFB8}"
EndProject
Project("{55FA0569-4672-16E5-EA03-DDD2565F7492}") = "Juliet.src.testcases.CWE336_Same_Seed_in_PRNG.CWE336_Same_Seed_in_PRNG.csproj", "src/testcases/CWE336_Same_Seed_in_PRNG/CWE336_Same_Seed_in_PRNG.csproj", "{7140584C-0305-B219-E427-F5CB998DD1ED}"
EndProject
Project("{55FA0569-4672-16E5-EA03-DDD2565F7492}") = "Juliet.src.testcases.CWE674_Uncontrolled_Recursion.CWE674_Uncontrolled_Recursion.csproj", "src/testcases/CWE674_Uncontrolled_Recursion/CWE674_Uncontrolled_Recursion.csproj", "{6EEDD679-1953-3D74-BC8B-EF4685BE2041}"
EndProject
Project("{55FA0569-4672-16E5-EA03-DDD2565F7492}") = "Juliet.src.testcases.CWE117_Improper_Output_Neutralization_for_Logs.CWE117_Improper_Output_Neutralization_for_Logs.csproj", "src/testcases/CWE117_Improper_Output_Neutralization_for_Logs/CWE117_Improper_Output_Neutralization_for_Logs.csproj", "{11CF78B8-DFB5-3BF3-7585-3D8E9776A64F}"
EndProject
Project("{55FA0569-4672-16E5-EA03-DDD2565F7492}") = "Juliet.src.testcases.CWE193_Off_by_One_Error.CWE193_Off_by_One_Error.csproj", "src/testcases/CWE193_Off_by_One_Error/CWE193_Off_by_One_Error.csproj", "{0655F30F-B128-6618-291E-D931A22AC35E}"
EndProject
Project("{55FA0569-4672-16E5-EA03-DDD2565F7492}") = "Juliet.src.testcases.CWE535_Info_Exposure_Shell_Error.CWE535_Info_Exposure_Shell_Error.csproj", "src/testcases/CWE535_Info_Exposure_Shell_Error/CWE535_Info_Exposure_Shell_Error.csproj", "{70288B20-9EBF-68FB-FDFF-895138E87F3E}"
EndProject
Project("{55FA0569-4672-16E5-EA03-DDD2565F7492}") = "Juliet.src.testcases.CWE601_Open_Redirect.CWE601_Open_Redirect.csproj", "src/testcases/CWE601_Open_Redirect/CWE601_Open_Redirect.csproj", "{0AFBF362-70B8-9E83-FAF0-FA02F56CFCE0}"
EndProject
Project("{55FA0569-4672-16E5-EA03-DDD2565F7492}") = "Juliet.src.testcases.CWE789_Uncontrolled_Mem_Alloc.s02.CWE789_Uncontrolled_Mem_Alloc_s02.csproj", "src/testcases/CWE789_Uncontrolled_Mem_Alloc/s02/CWE789_Uncontrolled_Mem_Alloc_s02.csproj", "{06B572EE-FE9E-DFA0-4E2C-0EBD15D22F9F}"
EndProject
Project("{55FA0569-4672-16E5-EA03-DDD2565F7492}") = "Juliet.src.testcases.CWE789_Uncontrolled_Mem_Alloc.s01.CWE789_Uncontrolled_Mem_Alloc_s01.csproj", "src/testcases/CWE789_Uncontrolled_Mem_Alloc/s01/CWE789_Uncontrolled_Mem_Alloc_s01.csproj", "{561E4D0D-5358-6A0C-803D-08E1FE957624}"
EndProject
Project("{55FA0569-4672-16E5-EA03-DDD2565F7492}") = "Juliet.src.testcases.CWE789_Uncontrolled_Mem_Alloc.s03.CWE789_Uncontrolled_Mem_Alloc_s03.csproj", "src/testcases/CWE789_Uncontrolled_Mem_Alloc/s03/CWE789_Uncontrolled_Mem_Alloc_s03.csproj", "{7AC494CD-EA8D-065C-39A0-52857EAF4272}"
EndProject
Project("{55FA0569-4672-16E5-EA03-DDD2565F7492}") = "Juliet.src.testcases.CWE226_Sensitive_Information_Uncleared_Before_Release.CWE226_Sensitive_Information_Uncleared_Before_Release.csproj", "src/testcases/CWE226_Sensitive_Information_Uncleared_Before_Release/CWE226_Sensitive_Information_Uncleared_Before_Release.csproj", "{EDFE01F8-C6CB-EBE3-7475-A2A6DAA5220A}"
EndProject
Project("{55FA0569-4672-16E5-EA03-DDD2565F7492}") = "Juliet.src.testcases.CWE470_Unsafe_Reflection.CWE470_Unsafe_Reflection.csproj", "src/testcases/CWE470_Unsafe_Reflection/CWE470_Unsafe_Reflection.csproj", "{563D712D-C3DA-65B3-F245-E9F77A1DAE23}"
EndProject
Project("{55FA0569-4672-16E5-EA03-DDD2565F7492}") = "Juliet.src.testcases.CWE477_Obsolete_Functions.CWE477_Obsolete_Functions.csproj", "src/testcases/CWE477_Obsolete_Functions/CWE477_Obsolete_Functions.csproj", "{740C01C8-D030-D0C1-9282-6F108D0C8360}"
EndProject
Project("{55FA0569-4672-16E5-EA03-DDD2565F7492}") = "Juliet.src.testcases.CWE113_HTTP_Response_Splitting.s02.CWE113_HTTP_Response_Splitting_s02.csproj", "src/testcases/CWE113_HTTP_Response_Splitting/s02/CWE113_HTTP_Response_Splitting_s02.csproj", "{EA89BD93-61CA-D37B-2BB8-8E718688C35D}"
EndProject
Project("{55FA0569-4672-16E5-EA03-DDD2565F7492}") = "Juliet.src.testcases.CWE113_HTTP_Response_Splitting.s01.CWE113_HTTP_Response_Splitting_s01.csproj", "src/testcases/CWE113_HTTP_Response_Splitting/s01/CWE113_HTTP_Response_Splitting_s01.csproj", "{17A95E12-CBD2-48D8-B409-245BFF4B5AB2}"
EndProject
Project("{55FA0569-4672-16E5-EA03-DDD2565F7492}") = "Juliet.src.testcases.CWE398_Code_Quality.CWE398_Code_Quality.csproj", "src/testcases/CWE398_Code_Quality/CWE398_Code_Quality.csproj", "{EECA7A9D-EE91-8E77-70A1-7AF4C46B9800}"
EndProject
Project("{55FA0569-4672-16E5-EA03-DDD2565F7492}") = "Juliet.src.testcases.CWE526_Info_Exposure_Environment_Variables.CWE526_Info_Exposure_Environment_Variables.csproj", "src/testcases/CWE526_Info_Exposure_Environment_Variables/CWE526_Info_Exposure_Environment_Variables.csproj", "{CD569B63-9E3E-D5E9-AA39-D25B297FA0B6}"
EndProject
Project("{55FA0569-4672-16E5-EA03-DDD2565F7492}") = "Juliet.src.testcases.CWE605_Multiple_Binds_Same_Port.CWE605_Multiple_Binds_Same_Port.csproj", "src/testcases/CWE605_Multiple_Binds_Same_Port/CWE605_Multiple_Binds_Same_Port.csproj", "{F4905770-BB1E-6E12-D4C4-B31268EC6EAC}"
EndProject
Project("{55FA0569-4672-16E5-EA03-DDD2565F7492}") = "Juliet.src.testcases.CWE284_Improper_Access_Control.CWE284_Improper_Access_Control.csproj", "src/testcases/CWE284_Improper_Access_Control/CWE284_Improper_Access_Control.csproj", "{5E695BA0-1A0F-1490-E3EE-1B4A2239D7E1}"
EndProject
Project("{55FA0569-4672-16E5-EA03-DDD2565F7492}") = "Juliet.src.testcases.CWE390_Error_Without_Action.CWE390_Error_Without_Action.csproj", "src/testcases/CWE390_Error_Without_Action/CWE390_Error_Without_Action.csproj", "{0D6B6F50-029A-01C1-04E2-A1380432A9E7}"
EndProject
Project("{55FA0569-4672-16E5-EA03-DDD2565F7492}") = "Juliet.src.testcases.CWE476_NULL_Pointer_Dereference.CWE476_NULL_Pointer_Dereference.csproj", "src/testcases/CWE476_NULL_Pointer_Dereference/CWE476_NULL_Pointer_Dereference.csproj", "{B33AC855-D587-8A0F-4F0D-6E666D56EBF9}"
EndProject
Project("{55FA0569-4672-16E5-EA03-DDD2565F7492}") = "Juliet.src.testcases.CWE319_Cleartext_Tx_Sensitive_Info.CWE319_Cleartext_Tx_Sensitive_Info.csproj", "src/testcases/CWE319_Cleartext_Tx_Sensitive_Info/CWE319_Cleartext_Tx_Sensitive_Info.csproj", "{DF5B892E-B58A-1004-8CBA-C682C32B97BB}"
EndProject
Project("{55FA0569-4672-16E5-EA03-DDD2565F7492}") = "Juliet.src.testcases.CWE775_Missing_Release_of_File_Descriptor_or_Handle.CWE775_Missing_Release_of_File_Descriptor_or_Handle.csproj", "src/testcases/CWE775_Missing_Release_of_File_Descriptor_or_Handle/CWE775_Missing_Release_of_File_Descriptor_or_Handle.csproj", "{A826CED6-F8C0-F9BB-5260-63B041EB8587}"
EndProject
Project("{55FA0569-4672-16E5-EA03-DDD2565F7492}") = "Juliet.src.testcases.CWE667_Improper_Locking.CWE667_Improper_Locking.csproj", "src/testcases/CWE667_Improper_Locking/CWE667_Improper_Locking.csproj", "{B55263B9-7648-825F-8D2B-F5C1997D929B}"
EndProject
Project("{55FA0569-4672-16E5-EA03-DDD2565F7492}") = "Juliet.src.testcases.CWE427_Uncontrolled_Search_Path_Element.CWE427_Uncontrolled_Search_Path_Element.csproj", "src/testcases/CWE427_Uncontrolled_Search_Path_Element/CWE427_Uncontrolled_Search_Path_Element.csproj", "{91C6B66B-A9E7-E676-3ADA-863024357FE0}"
EndProject
Project("{55FA0569-4672-16E5-EA03-DDD2565F7492}") = "Juliet.src.testcases.CWE482_Comparing_Instead_of_Assigning.CWE482_Comparing_Instead_of_Assigning.csproj", "src/testcases/CWE482_Comparing_Instead_of_Assigning/CWE482_Comparing_Instead_of_Assigning.csproj", "{E4E6B0A5-D464-4A76-EA32-64DDA81FA441}"
EndProject
Project("{55FA0569-4672-16E5-EA03-DDD2565F7492}") = "Juliet.src.testcases.CWE327_Use_Broken_Crypto.CWE327_Use_Broken_Crypto.csproj", "src/testcases/CWE327_Use_Broken_Crypto/CWE327_Use_Broken_Crypto.csproj", "{7ABA8F68-3D1F-F571-1DAD-2E0579C87F4B}"
EndProject
Project("{55FA0569-4672-16E5-EA03-DDD2565F7492}") = "Juliet.src.testcases.CWE378_Temporary_File_Creation_With_Insecure_Perms.CWE378_Temporary_File_Creation_With_Insecure_Perms.csproj", "src/testcases/CWE378_Temporary_File_Creation_With_Insecure_Perms/CWE378_Temporary_File_Creation_With_Insecure_Perms.csproj", "{1B9D8A97-B9B3-0408-CF24-D29E81C9BC28}"
EndProject
Project("{55FA0569-4672-16E5-EA03-DDD2565F7492}") = "Juliet.src.testcases.CWE315_Cleartext_Storage_in_Cookie.CWE315_Cleartext_Storage_in_Cookie.csproj", "src/testcases/CWE315_Cleartext_Storage_in_Cookie/CWE315_Cleartext_Storage_in_Cookie.csproj", "{0E93546C-6EBB-7622-2814-6BD0291343AB}"
EndProject
Project("{55FA0569-4672-16E5-EA03-DDD2565F7492}") = "Juliet.src.testcases.CWE253_Incorrect_Check_of_Function_Return_Value.CWE253_Incorrect_Check_of_Function_Return_Value.csproj", "src/testcases/CWE253_Incorrect_Check_of_Function_Return_Value/CWE253_Incorrect_Check_of_Function_Return_Value.csproj", "{9539ED97-C860-4DDA-BA37-15311B741BC4}"
EndProject
Project("{55FA0569-4672-16E5-EA03-DDD2565F7492}") = "Juliet.src.testcases.CWE395_Catch_NullPointerException.CWE395_Catch_NullPointerException.csproj", "src/testcases/CWE395_Catch_NullPointerException/CWE395_Catch_NullPointerException.csproj", "{E50C206F-E197-95E9-DBB8-DAD6689371DE}"
EndProject
Project("{55FA0569-4672-16E5-EA03-DDD2565F7492}") = "Juliet.src.testcases.CWE760_Predictable_Salt_One_Way_Hash.CWE760_Predictable_Salt_One_Way_Hash.csproj", "src/testcases/CWE760_Predictable_Salt_One_Way_Hash/CWE760_Predictable_Salt_One_Way_Hash.csproj", "{E2A34986-8609-BED4-0029-69ACE6A6B7D8}"
EndProject
Project("{55FA0569-4672-16E5-EA03-DDD2565F7492}") = "Juliet.src.testcases.CWE765_Multiple_Unlocks.CWE765_Multiple_Unlocks.csproj", "src/testcases/CWE765_Multiple_Unlocks/CWE765_Multiple_Unlocks.csproj", "{AF4A7334-9F59-DA3C-01DD-477672DC3E91}"
EndProject
Project("{55FA0569-4672-16E5-EA03-DDD2565F7492}") = "Juliet.src.testcases.CWE570_Expression_Always_False.CWE570_Expression_Always_False.csproj", "src/testcases/CWE570_Expression_Always_False/CWE570_Expression_Always_False.csproj", "{3B1C0434-7F8E-68D7-D2EF-040AFD4442DB}"
EndProject
Project("{55FA0569-4672-16E5-EA03-DDD2565F7492}") = "Juliet.src.testcases.CWE90_LDAP_Injection.CWE90_LDAP_Injection.csproj", "src/testcases/CWE90_LDAP_Injection/CWE90_LDAP_Injection.csproj", "{AD070219-BAE4-7258-53D4-99D88811CC7C}"
EndProject
Project("{55FA0569-4672-16E5-EA03-DDD2565F7492}") = "Juliet.src.testcases.CWE486_Compare_Classes_by_Name.CWE486_Compare_Classes_by_Name.csproj", "src/testcases/CWE486_Compare_Classes_by_Name/CWE486_Compare_Classes_by_Name.csproj", "{D62B9BE3-D0D5-08E0-EC55-D4C0F9241828}"
EndProject
Project("{55FA0569-4672-16E5-EA03-DDD2565F7492}") = "Juliet.src.testcases.CWE546_Suspicious_Comment.CWE546_Suspicious_Comment.csproj", "src/testcases/CWE546_Suspicious_Comment/CWE546_Suspicious_Comment.csproj", "{C14B5D88-D58E-6EB7-E1FE-44D70C683649}"
EndProject
Project("{55FA0569-4672-16E5-EA03-DDD2565F7492}") = "Juliet.src.testcases.CWE36_Absolute_Path_Traversal.CWE36_Absolute_Path_Traversal.csproj", "src/testcases/CWE36_Absolute_Path_Traversal/CWE36_Absolute_Path_Traversal.csproj", "{393E5020-1B75-0CA3-923C-FCA86A801A3F}"
EndProject
Project("{55FA0569-4672-16E5-EA03-DDD2565F7492}") = "Juliet.src.testcases.CWE114_Process_Control.CWE114_Process_Control.csproj", "src/testcases/CWE114_Process_Control/CWE114_Process_Control.csproj", "{0B8C0F09-C011-79E5-C186-347B79175FFE}"
EndProject
Project("{55FA0569-4672-16E5-EA03-DDD2565F7492}") = "Juliet.src.testcases.CWE78_OS_Command_Injection.CWE78_OS_Command_Injection.csproj", "src/testcases/CWE78_OS_Command_Injection/CWE78_OS_Command_Injection.csproj", "{67D02793-4081-C736-FCEC-0ECF4DF06238}"
EndProject
Project("{55FA0569-4672-16E5-EA03-DDD2565F7492}") = "Juliet.src.testcases.CWE615_Info_Exposure_by_Comment.CWE615_Info_Exposure_by_Comment.csproj", "src/testcases/CWE615_Info_Exposure_by_Comment/CWE615_Info_Exposure_by_Comment.csproj", "{D351D111-0320-67AA-75E9-A34A7379BE0F}"
EndProject
Project("{55FA0569-4672-16E5-EA03-DDD2565F7492}") = "Juliet.src.testcases.CWE321_Hard_Coded_Cryptographic_Key.CWE321_Hard_Coded_Cryptographic_Key.csproj", "src/testcases/CWE321_Hard_Coded_Cryptographic_Key/CWE321_Hard_Coded_Cryptographic_Key.csproj", "{0AA5A5B6-24E3-7A80-53B4-89B6AF531F00}"
EndProject
Project("{55FA0569-4672-16E5-EA03-DDD2565F7492}") = "Juliet.src.testcases.CWE835_Infinite_Loop.CWE835_Infinite_Loop.csproj", "src/testcases/CWE835_Infinite_Loop/CWE835_Infinite_Loop.csproj", "{9FF72D0B-041A-FC62-0C95-3E53E833B555}"
EndProject
Project("{55FA0569-4672-16E5-EA03-DDD2565F7492}") = "Juliet.src.testcases.CWE511_Logic_Time_Bomb.CWE511_Logic_Time_Bomb.csproj", "src/testcases/CWE511_Logic_Time_Bomb/CWE511_Logic_Time_Bomb.csproj", "{03FF27D7-9C25-1363-2769-1297AB57522D}"
EndProject
Project("{55FA0569-4672-16E5-EA03-DDD2565F7492}") = "Juliet.src.testcases.CWE248_Uncaught_Exception.CWE248_Uncaught_Exception.csproj", "src/testcases/CWE248_Uncaught_Exception/CWE248_Uncaught_Exception.csproj", "{443A50A8-CBC4-8749-A905-8B828C69D4F9}"
EndProject
Project("{55FA0569-4672-16E5-EA03-DDD2565F7492}") = "Juliet.src.testcases.CWE643_Xpath_Injection.CWE643_Xpath_Injection.csproj", "src/testcases/CWE643_Xpath_Injection/CWE643_Xpath_Injection.csproj", "{B73D1881-36A5-BDD3-2800-F6D80FE561B0}"
EndProject
Project("{55FA0569-4672-16E5-EA03-DDD2565F7492}") = "Juliet.src.testcases.CWE772_Missing_Release_of_Resource.CWE772_Missing_Release_of_Resource.csproj", "src/testcases/CWE772_Missing_Release_of_Resource/CWE772_Missing_Release_of_Resource.csproj", "{85C98307-C050-768E-821F-2976FB006AFC}"
EndProject
Project("{55FA0569-4672-16E5-EA03-DDD2565F7492}") = "Juliet.src.testcases.CWE440_Expected_Behavior_Violation.CWE440_Expected_Behavior_Violation.csproj", "src/testcases/CWE440_Expected_Behavior_Violation/CWE440_Expected_Behavior_Violation.csproj", "{C8343E0F-2F7C-45D1-73C0-17F74E7B3282}"
EndProject
Project("{55FA0569-4672-16E5-EA03-DDD2565F7492}") = "Juliet.src.testcases.CWE134_Externally_Controlled_Format_String.CWE134_Externally_Controlled_Format_String.csproj", "src/testcases/CWE134_Externally_Controlled_Format_String/CWE134_Externally_Controlled_Format_String.csproj", "{AE519B2A-3984-4308-51D0-1E4D24524C5D}"
EndProject
Project("{55FA0569-4672-16E5-EA03-DDD2565F7492}") = "Juliet.src.testcases.CWE396_Catch_Generic_Exception.CWE396_Catch_Generic_Exception.csproj", "src/testcases/CWE396_Catch_Generic_Exception/CWE396_Catch_Generic_Exception.csproj", "{DA8CD184-8DB6-772D-2403-5E0B09F8C741}"
EndProject
Project("{55FA0569-4672-16E5-EA03-DDD2565F7492}") = "Juliet.src.testcases.CWE313_Cleartext_Storage_in_a_File_or_on_Disk.CWE313_Cleartext_Storage_in_a_File_or_on_Disk.csproj", "src/testcases/CWE313_Cleartext_Storage_in_a_File_or_on_Disk/CWE313_Cleartext_Storage_in_a_File_or_on_Disk.csproj", "{63215F09-3E77-E30B-AEA9-1E36BF7CB576}"
EndProject
Project("{55FA0569-4672-16E5-EA03-DDD2565F7492}") = "Juliet.src.testcases.CWE523_Unprotected_Cred_Transport.CWE523_Unprotected_Cred_Transport.csproj", "src/testcases/CWE523_Unprotected_Cred_Transport/CWE523_Unprotected_Cred_Transport.csproj", "{A2B246CA-1EEF-BC02-12DB-F386290A296D}"
EndProject
Project("{55FA0569-4672-16E5-EA03-DDD2565F7492}") = "TestCaseSupport", "src/testcases/common/..\..\TestCaseSupport\TestCaseSupport\TestCaseSupport.csproj", "{4CDBAE35-8CD1-4A0F-8912-B79D0BB43B83}"
EndProject
Global
	GlobalSection(SolutionConfigurationPlatforms) = preSolution
		Debug|Any CPU = Debug|Any CPU
		Release|Any CPU = Release|Any CPU
	EndGlobalSection
	GlobalSection(ProjectConfigurationPlatforms) = postSolution
		{3903CCC1-E52D-9C93-EB23-0AF11E293E5C}.Debug|Any CPU.ActiveCfg = Debug|Any CPU
		{3903CCC1-E52D-9C93-EB23-0AF11E293E5C}.Debug|Any CPU.Build.0 = Debug|Any CPU
		{3903CCC1-E52D-9C93-EB23-0AF11E293E5C}.Release|Any CPU.ActiveCfg = Release|Any CPU
		{3903CCC1-E52D-9C93-EB23-0AF11E293E5C}.Release|Any CPU.Build.0 = Release|Any CPU
		{8278FF8D-B797-C46C-A5EA-55B7E61CEB1F}.Debug|Any CPU.ActiveCfg = Debug|Any CPU
		{8278FF8D-B797-C46C-A5EA-55B7E61CEB1F}.Debug|Any CPU.Build.0 = Debug|Any CPU
		{8278FF8D-B797-C46C-A5EA-55B7E61CEB1F}.Release|Any CPU.ActiveCfg = Release|Any CPU
		{8278FF8D-B797-C46C-A5EA-55B7E61CEB1F}.Release|Any CPU.Build.0 = Release|Any CPU
		{CEB3014F-353A-0A32-FA37-09B669B9A305}.Debug|Any CPU.ActiveCfg = Debug|Any CPU
		{CEB3014F-353A-0A32-FA37-09B669B9A305}.Debug|Any CPU.Build.0 = Debug|Any CPU
		{CEB3014F-353A-0A32-FA37-09B669B9A305}.Release|Any CPU.ActiveCfg = Release|Any CPU
		{CEB3014F-353A-0A32-FA37-09B669B9A305}.Release|Any CPU.Build.0 = Release|Any CPU
		{E1849815-F4C1-C68F-F6D0-195B897F226D}.Debug|Any CPU.ActiveCfg = Debug|Any CPU
		{E1849815-F4C1-C68F-F6D0-195B897F226D}.Debug|Any CPU.Build.0 = Debug|Any CPU
		{E1849815-F4C1-C68F-F6D0-195B897F226D}.Release|Any CPU.ActiveCfg = Release|Any CPU
		{E1849815-F4C1-C68F-F6D0-195B897F226D}.Release|Any CPU.Build.0 = Release|Any CPU
		{FEFC2808-57A2-B150-CCB1-0CD32BF23989}.Debug|Any CPU.ActiveCfg = Debug|Any CPU
		{FEFC2808-57A2-B150-CCB1-0CD32BF23989}.Debug|Any CPU.Build.0 = Debug|Any CPU
		{FEFC2808-57A2-B150-CCB1-0CD32BF23989}.Release|Any CPU.ActiveCfg = Release|Any CPU
		{FEFC2808-57A2-B150-CCB1-0CD32BF23989}.Release|Any CPU.Build.0 = Release|Any CPU
		{D4C1B17D-3D4E-D87B-EB8F-F8532C0073C2}.Debug|Any CPU.ActiveCfg = Debug|Any CPU
		{D4C1B17D-3D4E-D87B-EB8F-F8532C0073C2}.Debug|Any CPU.Build.0 = Debug|Any CPU
		{D4C1B17D-3D4E-D87B-EB8F-F8532C0073C2}.Release|Any CPU.ActiveCfg = Release|Any CPU
		{D4C1B17D-3D4E-D87B-EB8F-F8532C0073C2}.Release|Any CPU.Build.0 = Release|Any CPU
		{5FA2F55B-B46F-8F25-27D6-F10EBDBD252A}.Debug|Any CPU.ActiveCfg = Debug|Any CPU
		{5FA2F55B-B46F-8F25-27D6-F10EBDBD252A}.Debug|Any CPU.Build.0 = Debug|Any CPU
		{5FA2F55B-B46F-8F25-27D6-F10EBDBD252A}.Release|Any CPU.ActiveCfg = Release|Any CPU
		{5FA2F55B-B46F-8F25-27D6-F10EBDBD252A}.Release|Any CPU.Build.0 = Release|Any CPU
		{861E2F90-99F8-5113-F5FF-C853D665F702}.Debug|Any CPU.ActiveCfg = Debug|Any CPU
		{861E2F90-99F8-5113-F5FF-C853D665F702}.Debug|Any CPU.Build.0 = Debug|Any CPU
		{861E2F90-99F8-5113-F5FF-C853D665F702}.Release|Any CPU.ActiveCfg = Release|Any CPU
		{861E2F90-99F8-5113-F5FF-C853D665F702}.Release|Any CPU.Build.0 = Release|Any CPU
		{E3E87D14-AC20-0764-EF2C-27F38DB4F1C9}.Debug|Any CPU.ActiveCfg = Debug|Any CPU
		{E3E87D14-AC20-0764-EF2C-27F38DB4F1C9}.Debug|Any CPU.Build.0 = Debug|Any CPU
		{E3E87D14-AC20-0764-EF2C-27F38DB4F1C9}.Release|Any CPU.ActiveCfg = Release|Any CPU
		{E3E87D14-AC20-0764-EF2C-27F38DB4F1C9}.Release|Any CPU.Build.0 = Release|Any CPU
		{8C3ADFAE-E074-C09F-E15D-FEFDF65BB112}.Debug|Any CPU.ActiveCfg = Debug|Any CPU
		{8C3ADFAE-E074-C09F-E15D-FEFDF65BB112}.Debug|Any CPU.Build.0 = Debug|Any CPU
		{8C3ADFAE-E074-C09F-E15D-FEFDF65BB112}.Release|Any CPU.ActiveCfg = Release|Any CPU
		{8C3ADFAE-E074-C09F-E15D-FEFDF65BB112}.Release|Any CPU.Build.0 = Release|Any CPU
		{BD3616D8-F8D7-0452-2988-2B730AAA8B14}.Debug|Any CPU.ActiveCfg = Debug|Any CPU
		{BD3616D8-F8D7-0452-2988-2B730AAA8B14}.Debug|Any CPU.Build.0 = Debug|Any CPU
		{BD3616D8-F8D7-0452-2988-2B730AAA8B14}.Release|Any CPU.ActiveCfg = Release|Any CPU
		{BD3616D8-F8D7-0452-2988-2B730AAA8B14}.Release|Any CPU.Build.0 = Release|Any CPU
		{1407CF0F-6D42-8B7B-7167-C02E1FB11652}.Debug|Any CPU.ActiveCfg = Debug|Any CPU
		{1407CF0F-6D42-8B7B-7167-C02E1FB11652}.Debug|Any CPU.Build.0 = Debug|Any CPU
		{1407CF0F-6D42-8B7B-7167-C02E1FB11652}.Release|Any CPU.ActiveCfg = Release|Any CPU
		{1407CF0F-6D42-8B7B-7167-C02E1FB11652}.Release|Any CPU.Build.0 = Release|Any CPU
		{28D7350B-16C7-D2D3-2879-DD9A2EB68FA5}.Debug|Any CPU.ActiveCfg = Debug|Any CPU
		{28D7350B-16C7-D2D3-2879-DD9A2EB68FA5}.Debug|Any CPU.Build.0 = Debug|Any CPU
		{28D7350B-16C7-D2D3-2879-DD9A2EB68FA5}.Release|Any CPU.ActiveCfg = Release|Any CPU
		{28D7350B-16C7-D2D3-2879-DD9A2EB68FA5}.Release|Any CPU.Build.0 = Release|Any CPU
		{6434D04D-627C-D1C1-B218-687A401DF454}.Debug|Any CPU.ActiveCfg = Debug|Any CPU
		{6434D04D-627C-D1C1-B218-687A401DF454}.Debug|Any CPU.Build.0 = Debug|Any CPU
		{6434D04D-627C-D1C1-B218-687A401DF454}.Release|Any CPU.ActiveCfg = Release|Any CPU
		{6434D04D-627C-D1C1-B218-687A401DF454}.Release|Any CPU.Build.0 = Release|Any CPU
		{B20F9064-6C64-B590-5759-5D5A01F093AB}.Debug|Any CPU.ActiveCfg = Debug|Any CPU
		{B20F9064-6C64-B590-5759-5D5A01F093AB}.Debug|Any CPU.Build.0 = Debug|Any CPU
		{B20F9064-6C64-B590-5759-5D5A01F093AB}.Release|Any CPU.ActiveCfg = Release|Any CPU
		{B20F9064-6C64-B590-5759-5D5A01F093AB}.Release|Any CPU.Build.0 = Release|Any CPU
		{14AE7D6B-F1F9-FCCE-AD6F-85B8733CC8C2}.Debug|Any CPU.ActiveCfg = Debug|Any CPU
		{14AE7D6B-F1F9-FCCE-AD6F-85B8733CC8C2}.Debug|Any CPU.Build.0 = Debug|Any CPU
		{14AE7D6B-F1F9-FCCE-AD6F-85B8733CC8C2}.Release|Any CPU.ActiveCfg = Release|Any CPU
		{14AE7D6B-F1F9-FCCE-AD6F-85B8733CC8C2}.Release|Any CPU.Build.0 = Release|Any CPU
		{1B3026FA-ED0A-8DDB-BD8A-D37E8D4465B2}.Debug|Any CPU.ActiveCfg = Debug|Any CPU
		{1B3026FA-ED0A-8DDB-BD8A-D37E8D4465B2}.Debug|Any CPU.Build.0 = Debug|Any CPU
		{1B3026FA-ED0A-8DDB-BD8A-D37E8D4465B2}.Release|Any CPU.ActiveCfg = Release|Any CPU
		{1B3026FA-ED0A-8DDB-BD8A-D37E8D4465B2}.Release|Any CPU.Build.0 = Release|Any CPU
		{6F111A2C-3D34-3034-90BE-F9884353FFDC}.Debug|Any CPU.ActiveCfg = Debug|Any CPU
		{6F111A2C-3D34-3034-90BE-F9884353FFDC}.Debug|Any CPU.Build.0 = Debug|Any CPU
		{6F111A2C-3D34-3034-90BE-F9884353FFDC}.Release|Any CPU.ActiveCfg = Release|Any CPU
		{6F111A2C-3D34-3034-90BE-F9884353FFDC}.Release|Any CPU.Build.0 = Release|Any CPU
		{CE870FDB-921E-C9D9-B5EC-3D8B3FE078AA}.Debug|Any CPU.ActiveCfg = Debug|Any CPU
		{CE870FDB-921E-C9D9-B5EC-3D8B3FE078AA}.Debug|Any CPU.Build.0 = Debug|Any CPU
		{CE870FDB-921E-C9D9-B5EC-3D8B3FE078AA}.Release|Any CPU.ActiveCfg = Release|Any CPU
		{CE870FDB-921E-C9D9-B5EC-3D8B3FE078AA}.Release|Any CPU.Build.0 = Release|Any CPU
		{E2EBC0EF-81E4-9E57-2156-7EAEC4D3AF73}.Debug|Any CPU.ActiveCfg = Debug|Any CPU
		{E2EBC0EF-81E4-9E57-2156-7EAEC4D3AF73}.Debug|Any CPU.Build.0 = Debug|Any CPU
		{E2EBC0EF-81E4-9E57-2156-7EAEC4D3AF73}.Release|Any CPU.ActiveCfg = Release|Any CPU
		{E2EBC0EF-81E4-9E57-2156-7EAEC4D3AF73}.Release|Any CPU.Build.0 = Release|Any CPU
		{361EA0F1-D98B-6828-BEE8-2AF7A1FAF7CC}.Debug|Any CPU.ActiveCfg = Debug|Any CPU
		{361EA0F1-D98B-6828-BEE8-2AF7A1FAF7CC}.Debug|Any CPU.Build.0 = Debug|Any CPU
		{361EA0F1-D98B-6828-BEE8-2AF7A1FAF7CC}.Release|Any CPU.ActiveCfg = Release|Any CPU
		{361EA0F1-D98B-6828-BEE8-2AF7A1FAF7CC}.Release|Any CPU.Build.0 = Release|Any CPU
		{F18A0EFD-DD3F-3A25-2009-8720D7499AA5}.Debug|Any CPU.ActiveCfg = Debug|Any CPU
		{F18A0EFD-DD3F-3A25-2009-8720D7499AA5}.Debug|Any CPU.Build.0 = Debug|Any CPU
		{F18A0EFD-DD3F-3A25-2009-8720D7499AA5}.Release|Any CPU.ActiveCfg = Release|Any CPU
		{F18A0EFD-DD3F-3A25-2009-8720D7499AA5}.Release|Any CPU.Build.0 = Release|Any CPU
		{1F03056A-2034-A9F6-7F44-84FBB3860E7D}.Debug|Any CPU.ActiveCfg = Debug|Any CPU
		{1F03056A-2034-A9F6-7F44-84FBB3860E7D}.Debug|Any CPU.Build.0 = Debug|Any CPU
		{1F03056A-2034-A9F6-7F44-84FBB3860E7D}.Release|Any CPU.ActiveCfg = Release|Any CPU
		{1F03056A-2034-A9F6-7F44-84FBB3860E7D}.Release|Any CPU.Build.0 = Release|Any CPU
		{83E81276-3D3C-DE82-59AF-723724B1E9A4}.Debug|Any CPU.ActiveCfg = Debug|Any CPU
		{83E81276-3D3C-DE82-59AF-723724B1E9A4}.Debug|Any CPU.Build.0 = Debug|Any CPU
		{83E81276-3D3C-DE82-59AF-723724B1E9A4}.Release|Any CPU.ActiveCfg = Release|Any CPU
		{83E81276-3D3C-DE82-59AF-723724B1E9A4}.Release|Any CPU.Build.0 = Release|Any CPU
		{7C08A83C-82B1-22F4-9724-38C869F0E44D}.Debug|Any CPU.ActiveCfg = Debug|Any CPU
		{7C08A83C-82B1-22F4-9724-38C869F0E44D}.Debug|Any CPU.Build.0 = Debug|Any CPU
		{7C08A83C-82B1-22F4-9724-38C869F0E44D}.Release|Any CPU.ActiveCfg = Release|Any CPU
		{7C08A83C-82B1-22F4-9724-38C869F0E44D}.Release|Any CPU.Build.0 = Release|Any CPU
		{B0213D64-D73A-083B-5843-8E7D88384D78}.Debug|Any CPU.ActiveCfg = Debug|Any CPU
		{B0213D64-D73A-083B-5843-8E7D88384D78}.Debug|Any CPU.Build.0 = Debug|Any CPU
		{B0213D64-D73A-083B-5843-8E7D88384D78}.Release|Any CPU.ActiveCfg = Release|Any CPU
		{B0213D64-D73A-083B-5843-8E7D88384D78}.Release|Any CPU.Build.0 = Release|Any CPU
		{5193D57C-9CAD-30DE-02B5-ADBFDAE3C7C9}.Debug|Any CPU.ActiveCfg = Debug|Any CPU
		{5193D57C-9CAD-30DE-02B5-ADBFDAE3C7C9}.Debug|Any CPU.Build.0 = Debug|Any CPU
		{5193D57C-9CAD-30DE-02B5-ADBFDAE3C7C9}.Release|Any CPU.ActiveCfg = Release|Any CPU
		{5193D57C-9CAD-30DE-02B5-ADBFDAE3C7C9}.Release|Any CPU.Build.0 = Release|Any CPU
		{59F9A324-62D7-B65B-A311-83F620BB1A74}.Debug|Any CPU.ActiveCfg = Debug|Any CPU
		{59F9A324-62D7-B65B-A311-83F620BB1A74}.Debug|Any CPU.Build.0 = Debug|Any CPU
		{59F9A324-62D7-B65B-A311-83F620BB1A74}.Release|Any CPU.ActiveCfg = Release|Any CPU
		{59F9A324-62D7-B65B-A311-83F620BB1A74}.Release|Any CPU.Build.0 = Release|Any CPU
		{359386C6-3823-1831-6AB5-7AEDE72DDA74}.Debug|Any CPU.ActiveCfg = Debug|Any CPU
		{359386C6-3823-1831-6AB5-7AEDE72DDA74}.Debug|Any CPU.Build.0 = Debug|Any CPU
		{359386C6-3823-1831-6AB5-7AEDE72DDA74}.Release|Any CPU.ActiveCfg = Release|Any CPU
		{359386C6-3823-1831-6AB5-7AEDE72DDA74}.Release|Any CPU.Build.0 = Release|Any CPU
		{BB0374CC-CFCD-315B-963B-AB91CD444145}.Debug|Any CPU.ActiveCfg = Debug|Any CPU
		{BB0374CC-CFCD-315B-963B-AB91CD444145}.Debug|Any CPU.Build.0 = Debug|Any CPU
		{BB0374CC-CFCD-315B-963B-AB91CD444145}.Release|Any CPU.ActiveCfg = Release|Any CPU
		{BB0374CC-CFCD-315B-963B-AB91CD444145}.Release|Any CPU.Build.0 = Release|Any CPU
		{13B74DD5-B7CC-8AAE-B1E7-F71097013779}.Debug|Any CPU.ActiveCfg = Debug|Any CPU
		{13B74DD5-B7CC-8AAE-B1E7-F71097013779}.Debug|Any CPU.Build.0 = Debug|Any CPU
		{13B74DD5-B7CC-8AAE-B1E7-F71097013779}.Release|Any CPU.ActiveCfg = Release|Any CPU
		{13B74DD5-B7CC-8AAE-B1E7-F71097013779}.Release|Any CPU.Build.0 = Release|Any CPU
		{83B7E1B9-B4B8-39EB-125A-6F12A4CB006C}.Debug|Any CPU.ActiveCfg = Debug|Any CPU
		{83B7E1B9-B4B8-39EB-125A-6F12A4CB006C}.Debug|Any CPU.Build.0 = Debug|Any CPU
		{83B7E1B9-B4B8-39EB-125A-6F12A4CB006C}.Release|Any CPU.ActiveCfg = Release|Any CPU
		{83B7E1B9-B4B8-39EB-125A-6F12A4CB006C}.Release|Any CPU.Build.0 = Release|Any CPU
		{3945191C-1369-2F71-6C32-68F430675F73}.Debug|Any CPU.ActiveCfg = Debug|Any CPU
		{3945191C-1369-2F71-6C32-68F430675F73}.Debug|Any CPU.Build.0 = Debug|Any CPU
		{3945191C-1369-2F71-6C32-68F430675F73}.Release|Any CPU.ActiveCfg = Release|Any CPU
		{3945191C-1369-2F71-6C32-68F430675F73}.Release|Any CPU.Build.0 = Release|Any CPU
		{38970F47-4C74-1250-C2E8-57A581E45318}.Debug|Any CPU.ActiveCfg = Debug|Any CPU
		{38970F47-4C74-1250-C2E8-57A581E45318}.Debug|Any CPU.Build.0 = Debug|Any CPU
		{38970F47-4C74-1250-C2E8-57A581E45318}.Release|Any CPU.ActiveCfg = Release|Any CPU
		{38970F47-4C74-1250-C2E8-57A581E45318}.Release|Any CPU.Build.0 = Release|Any CPU
		{7F929CE5-51FA-9B56-4669-6D7461456DC5}.Debug|Any CPU.ActiveCfg = Debug|Any CPU
		{7F929CE5-51FA-9B56-4669-6D7461456DC5}.Debug|Any CPU.Build.0 = Debug|Any CPU
		{7F929CE5-51FA-9B56-4669-6D7461456DC5}.Release|Any CPU.ActiveCfg = Release|Any CPU
		{7F929CE5-51FA-9B56-4669-6D7461456DC5}.Release|Any CPU.Build.0 = Release|Any CPU
		{8B5E82D6-48A0-B148-181F-01AF9E5EFBEF}.Debug|Any CPU.ActiveCfg = Debug|Any CPU
		{8B5E82D6-48A0-B148-181F-01AF9E5EFBEF}.Debug|Any CPU.Build.0 = Debug|Any CPU
		{8B5E82D6-48A0-B148-181F-01AF9E5EFBEF}.Release|Any CPU.ActiveCfg = Release|Any CPU
		{8B5E82D6-48A0-B148-181F-01AF9E5EFBEF}.Release|Any CPU.Build.0 = Release|Any CPU
		{0AC351DB-31AF-6785-0D32-2159A7FEC799}.Debug|Any CPU.ActiveCfg = Debug|Any CPU
		{0AC351DB-31AF-6785-0D32-2159A7FEC799}.Debug|Any CPU.Build.0 = Debug|Any CPU
		{0AC351DB-31AF-6785-0D32-2159A7FEC799}.Release|Any CPU.ActiveCfg = Release|Any CPU
		{0AC351DB-31AF-6785-0D32-2159A7FEC799}.Release|Any CPU.Build.0 = Release|Any CPU
		{4672B592-E168-533C-CFEB-482E9EDAFE64}.Debug|Any CPU.ActiveCfg = Debug|Any CPU
		{4672B592-E168-533C-CFEB-482E9EDAFE64}.Debug|Any CPU.Build.0 = Debug|Any CPU
		{4672B592-E168-533C-CFEB-482E9EDAFE64}.Release|Any CPU.ActiveCfg = Release|Any CPU
		{4672B592-E168-533C-CFEB-482E9EDAFE64}.Release|Any CPU.Build.0 = Release|Any CPU
		{D1C3DBA4-B5A7-C38D-622C-56DB843024A7}.Debug|Any CPU.ActiveCfg = Debug|Any CPU
		{D1C3DBA4-B5A7-C38D-622C-56DB843024A7}.Debug|Any CPU.Build.0 = Debug|Any CPU
		{D1C3DBA4-B5A7-C38D-622C-56DB843024A7}.Release|Any CPU.ActiveCfg = Release|Any CPU
		{D1C3DBA4-B5A7-C38D-622C-56DB843024A7}.Release|Any CPU.Build.0 = Release|Any CPU
		{7F826BD2-06DA-A9FD-363E-EEAE2724AF37}.Debug|Any CPU.ActiveCfg = Debug|Any CPU
		{7F826BD2-06DA-A9FD-363E-EEAE2724AF37}.Debug|Any CPU.Build.0 = Debug|Any CPU
		{7F826BD2-06DA-A9FD-363E-EEAE2724AF37}.Release|Any CPU.ActiveCfg = Release|Any CPU
		{7F826BD2-06DA-A9FD-363E-EEAE2724AF37}.Release|Any CPU.Build.0 = Release|Any CPU
		{17EF9F75-5711-93AB-F82C-A855F7F6DBB5}.Debug|Any CPU.ActiveCfg = Debug|Any CPU
		{17EF9F75-5711-93AB-F82C-A855F7F6DBB5}.Debug|Any CPU.Build.0 = Debug|Any CPU
		{17EF9F75-5711-93AB-F82C-A855F7F6DBB5}.Release|Any CPU.ActiveCfg = Release|Any CPU
		{17EF9F75-5711-93AB-F82C-A855F7F6DBB5}.Release|Any CPU.Build.0 = Release|Any CPU
		{6CC5E160-DD6D-A2DA-4BAF-378F82CEAA9D}.Debug|Any CPU.ActiveCfg = Debug|Any CPU
		{6CC5E160-DD6D-A2DA-4BAF-378F82CEAA9D}.Debug|Any CPU.Build.0 = Debug|Any CPU
		{6CC5E160-DD6D-A2DA-4BAF-378F82CEAA9D}.Release|Any CPU.ActiveCfg = Release|Any CPU
		{6CC5E160-DD6D-A2DA-4BAF-378F82CEAA9D}.Release|Any CPU.Build.0 = Release|Any CPU
		{EC88B553-27F7-EB40-64C7-367ADE93B368}.Debug|Any CPU.ActiveCfg = Debug|Any CPU
		{EC88B553-27F7-EB40-64C7-367ADE93B368}.Debug|Any CPU.Build.0 = Debug|Any CPU
		{EC88B553-27F7-EB40-64C7-367ADE93B368}.Release|Any CPU.ActiveCfg = Release|Any CPU
		{EC88B553-27F7-EB40-64C7-367ADE93B368}.Release|Any CPU.Build.0 = Release|Any CPU
		{DC538D3C-CFC7-ADE1-9B0C-CAA9A658158A}.Debug|Any CPU.ActiveCfg = Debug|Any CPU
		{DC538D3C-CFC7-ADE1-9B0C-CAA9A658158A}.Debug|Any CPU.Build.0 = Debug|Any CPU
		{DC538D3C-CFC7-ADE1-9B0C-CAA9A658158A}.Release|Any CPU.ActiveCfg = Release|Any CPU
		{DC538D3C-CFC7-ADE1-9B0C-CAA9A658158A}.Release|Any CPU.Build.0 = Release|Any CPU
		{98BD12D4-BA6F-4C4F-37D7-21305C461355}.Debug|Any CPU.ActiveCfg = Debug|Any CPU
		{98BD12D4-BA6F-4C4F-37D7-21305C461355}.Debug|Any CPU.Build.0 = Debug|Any CPU
		{98BD12D4-BA6F-4C4F-37D7-21305C461355}.Release|Any CPU.ActiveCfg = Release|Any CPU
		{98BD12D4-BA6F-4C4F-37D7-21305C461355}.Release|Any CPU.Build.0 = Release|Any CPU
		{2D729A2F-BFB3-437D-E4A2-C9F7134BFA3F}.Debug|Any CPU.ActiveCfg = Debug|Any CPU
		{2D729A2F-BFB3-437D-E4A2-C9F7134BFA3F}.Debug|Any CPU.Build.0 = Debug|Any CPU
		{2D729A2F-BFB3-437D-E4A2-C9F7134BFA3F}.Release|Any CPU.ActiveCfg = Release|Any CPU
		{2D729A2F-BFB3-437D-E4A2-C9F7134BFA3F}.Release|Any CPU.Build.0 = Release|Any CPU
		{70EA8441-47DE-25BB-5EB7-B0E8F1F8F578}.Debug|Any CPU.ActiveCfg = Debug|Any CPU
		{70EA8441-47DE-25BB-5EB7-B0E8F1F8F578}.Debug|Any CPU.Build.0 = Debug|Any CPU
		{70EA8441-47DE-25BB-5EB7-B0E8F1F8F578}.Release|Any CPU.ActiveCfg = Release|Any CPU
		{70EA8441-47DE-25BB-5EB7-B0E8F1F8F578}.Release|Any CPU.Build.0 = Release|Any CPU
		{06AEFA05-D0D9-8BBC-92D1-9598A66C0948}.Debug|Any CPU.ActiveCfg = Debug|Any CPU
		{06AEFA05-D0D9-8BBC-92D1-9598A66C0948}.Debug|Any CPU.Build.0 = Debug|Any CPU
		{06AEFA05-D0D9-8BBC-92D1-9598A66C0948}.Release|Any CPU.ActiveCfg = Release|Any CPU
		{06AEFA05-D0D9-8BBC-92D1-9598A66C0948}.Release|Any CPU.Build.0 = Release|Any CPU
		{B36EB221-C7F1-1DC2-1A60-50D271EA959D}.Debug|Any CPU.ActiveCfg = Debug|Any CPU
		{B36EB221-C7F1-1DC2-1A60-50D271EA959D}.Debug|Any CPU.Build.0 = Debug|Any CPU
		{B36EB221-C7F1-1DC2-1A60-50D271EA959D}.Release|Any CPU.ActiveCfg = Release|Any CPU
		{B36EB221-C7F1-1DC2-1A60-50D271EA959D}.Release|Any CPU.Build.0 = Release|Any CPU
		{8E2986FC-46AC-AA42-DD9B-9CE7481768FC}.Debug|Any CPU.ActiveCfg = Debug|Any CPU
		{8E2986FC-46AC-AA42-DD9B-9CE7481768FC}.Debug|Any CPU.Build.0 = Debug|Any CPU
		{8E2986FC-46AC-AA42-DD9B-9CE7481768FC}.Release|Any CPU.ActiveCfg = Release|Any CPU
		{8E2986FC-46AC-AA42-DD9B-9CE7481768FC}.Release|Any CPU.Build.0 = Release|Any CPU
		{7F886F77-5066-F552-57DB-3958FF51520B}.Debug|Any CPU.ActiveCfg = Debug|Any CPU
		{7F886F77-5066-F552-57DB-3958FF51520B}.Debug|Any CPU.Build.0 = Debug|Any CPU
		{7F886F77-5066-F552-57DB-3958FF51520B}.Release|Any CPU.ActiveCfg = Release|Any CPU
		{7F886F77-5066-F552-57DB-3958FF51520B}.Release|Any CPU.Build.0 = Release|Any CPU
		{D3D155BF-5EDB-E845-4825-9FD492C783D0}.Debug|Any CPU.ActiveCfg = Debug|Any CPU
		{D3D155BF-5EDB-E845-4825-9FD492C783D0}.Debug|Any CPU.Build.0 = Debug|Any CPU
		{D3D155BF-5EDB-E845-4825-9FD492C783D0}.Release|Any CPU.ActiveCfg = Release|Any CPU
		{D3D155BF-5EDB-E845-4825-9FD492C783D0}.Release|Any CPU.Build.0 = Release|Any CPU
		{BC370E5C-E61F-66F0-9413-A5A23B46B944}.Debug|Any CPU.ActiveCfg = Debug|Any CPU
		{BC370E5C-E61F-66F0-9413-A5A23B46B944}.Debug|Any CPU.Build.0 = Debug|Any CPU
		{BC370E5C-E61F-66F0-9413-A5A23B46B944}.Release|Any CPU.ActiveCfg = Release|Any CPU
		{BC370E5C-E61F-66F0-9413-A5A23B46B944}.Release|Any CPU.Build.0 = Release|Any CPU
		{6419C6AF-7139-AF3F-715C-5D397AA3B914}.Debug|Any CPU.ActiveCfg = Debug|Any CPU
		{6419C6AF-7139-AF3F-715C-5D397AA3B914}.Debug|Any CPU.Build.0 = Debug|Any CPU
		{6419C6AF-7139-AF3F-715C-5D397AA3B914}.Release|Any CPU.ActiveCfg = Release|Any CPU
		{6419C6AF-7139-AF3F-715C-5D397AA3B914}.Release|Any CPU.Build.0 = Release|Any CPU
		{DFD44CA1-95BD-A149-8F0D-28D470F711CC}.Debug|Any CPU.ActiveCfg = Debug|Any CPU
		{DFD44CA1-95BD-A149-8F0D-28D470F711CC}.Debug|Any CPU.Build.0 = Debug|Any CPU
		{DFD44CA1-95BD-A149-8F0D-28D470F711CC}.Release|Any CPU.ActiveCfg = Release|Any CPU
		{DFD44CA1-95BD-A149-8F0D-28D470F711CC}.Release|Any CPU.Build.0 = Release|Any CPU
		{51299B46-DFEE-AEF9-03D0-EC3079E29F31}.Debug|Any CPU.ActiveCfg = Debug|Any CPU
		{51299B46-DFEE-AEF9-03D0-EC3079E29F31}.Debug|Any CPU.Build.0 = Debug|Any CPU
		{51299B46-DFEE-AEF9-03D0-EC3079E29F31}.Release|Any CPU.ActiveCfg = Release|Any CPU
		{51299B46-DFEE-AEF9-03D0-EC3079E29F31}.Release|Any CPU.Build.0 = Release|Any CPU
		{3A194A9E-C6F1-3096-8962-E38750E84D8A}.Debug|Any CPU.ActiveCfg = Debug|Any CPU
		{3A194A9E-C6F1-3096-8962-E38750E84D8A}.Debug|Any CPU.Build.0 = Debug|Any CPU
		{3A194A9E-C6F1-3096-8962-E38750E84D8A}.Release|Any CPU.ActiveCfg = Release|Any CPU
		{3A194A9E-C6F1-3096-8962-E38750E84D8A}.Release|Any CPU.Build.0 = Release|Any CPU
		{A1B9E56F-D0C0-2301-77F6-336F57638957}.Debug|Any CPU.ActiveCfg = Debug|Any CPU
		{A1B9E56F-D0C0-2301-77F6-336F57638957}.Debug|Any CPU.Build.0 = Debug|Any CPU
		{A1B9E56F-D0C0-2301-77F6-336F57638957}.Release|Any CPU.ActiveCfg = Release|Any CPU
		{A1B9E56F-D0C0-2301-77F6-336F57638957}.Release|Any CPU.Build.0 = Release|Any CPU
		{D0323831-B06E-6746-8B0C-8084A7A9187A}.Debug|Any CPU.ActiveCfg = Debug|Any CPU
		{D0323831-B06E-6746-8B0C-8084A7A9187A}.Debug|Any CPU.Build.0 = Debug|Any CPU
		{D0323831-B06E-6746-8B0C-8084A7A9187A}.Release|Any CPU.ActiveCfg = Release|Any CPU
		{D0323831-B06E-6746-8B0C-8084A7A9187A}.Release|Any CPU.Build.0 = Release|Any CPU
		{61A59D94-A1C0-27FD-3B9E-449ADAFAA6A8}.Debug|Any CPU.ActiveCfg = Debug|Any CPU
		{61A59D94-A1C0-27FD-3B9E-449ADAFAA6A8}.Debug|Any CPU.Build.0 = Debug|Any CPU
		{61A59D94-A1C0-27FD-3B9E-449ADAFAA6A8}.Release|Any CPU.ActiveCfg = Release|Any CPU
		{61A59D94-A1C0-27FD-3B9E-449ADAFAA6A8}.Release|Any CPU.Build.0 = Release|Any CPU
		{0D6629E8-9F74-64F5-2026-B136EAD1AC73}.Debug|Any CPU.ActiveCfg = Debug|Any CPU
		{0D6629E8-9F74-64F5-2026-B136EAD1AC73}.Debug|Any CPU.Build.0 = Debug|Any CPU
		{0D6629E8-9F74-64F5-2026-B136EAD1AC73}.Release|Any CPU.ActiveCfg = Release|Any CPU
		{0D6629E8-9F74-64F5-2026-B136EAD1AC73}.Release|Any CPU.Build.0 = Release|Any CPU
		{495CBB20-BA56-4D44-38A5-B6AE0154567A}.Debug|Any CPU.ActiveCfg = Debug|Any CPU
		{495CBB20-BA56-4D44-38A5-B6AE0154567A}.Debug|Any CPU.Build.0 = Debug|Any CPU
		{495CBB20-BA56-4D44-38A5-B6AE0154567A}.Release|Any CPU.ActiveCfg = Release|Any CPU
		{495CBB20-BA56-4D44-38A5-B6AE0154567A}.Release|Any CPU.Build.0 = Release|Any CPU
		{FCF9477D-EADB-721E-B7C6-ED69E6953D35}.Debug|Any CPU.ActiveCfg = Debug|Any CPU
		{FCF9477D-EADB-721E-B7C6-ED69E6953D35}.Debug|Any CPU.Build.0 = Debug|Any CPU
		{FCF9477D-EADB-721E-B7C6-ED69E6953D35}.Release|Any CPU.ActiveCfg = Release|Any CPU
		{FCF9477D-EADB-721E-B7C6-ED69E6953D35}.Release|Any CPU.Build.0 = Release|Any CPU
		{CDB52C14-2A03-C3A0-4867-818BB35D5B8A}.Debug|Any CPU.ActiveCfg = Debug|Any CPU
		{CDB52C14-2A03-C3A0-4867-818BB35D5B8A}.Debug|Any CPU.Build.0 = Debug|Any CPU
		{CDB52C14-2A03-C3A0-4867-818BB35D5B8A}.Release|Any CPU.ActiveCfg = Release|Any CPU
		{CDB52C14-2A03-C3A0-4867-818BB35D5B8A}.Release|Any CPU.Build.0 = Release|Any CPU
		{A9F44128-7A8E-E277-32F2-1AC85B1C2607}.Debug|Any CPU.ActiveCfg = Debug|Any CPU
		{A9F44128-7A8E-E277-32F2-1AC85B1C2607}.Debug|Any CPU.Build.0 = Debug|Any CPU
		{A9F44128-7A8E-E277-32F2-1AC85B1C2607}.Release|Any CPU.ActiveCfg = Release|Any CPU
		{A9F44128-7A8E-E277-32F2-1AC85B1C2607}.Release|Any CPU.Build.0 = Release|Any CPU
		{2258596F-602E-4A4E-4C70-758C9345FFD6}.Debug|Any CPU.ActiveCfg = Debug|Any CPU
		{2258596F-602E-4A4E-4C70-758C9345FFD6}.Debug|Any CPU.Build.0 = Debug|Any CPU
		{2258596F-602E-4A4E-4C70-758C9345FFD6}.Release|Any CPU.ActiveCfg = Release|Any CPU
		{2258596F-602E-4A4E-4C70-758C9345FFD6}.Release|Any CPU.Build.0 = Release|Any CPU
		{5D733A4A-47E1-37CC-17AB-CDF88EC8A243}.Debug|Any CPU.ActiveCfg = Debug|Any CPU
		{5D733A4A-47E1-37CC-17AB-CDF88EC8A243}.Debug|Any CPU.Build.0 = Debug|Any CPU
		{5D733A4A-47E1-37CC-17AB-CDF88EC8A243}.Release|Any CPU.ActiveCfg = Release|Any CPU
		{5D733A4A-47E1-37CC-17AB-CDF88EC8A243}.Release|Any CPU.Build.0 = Release|Any CPU
		{DE0D012E-9B9A-2F54-F446-1A10CEA217C7}.Debug|Any CPU.ActiveCfg = Debug|Any CPU
		{DE0D012E-9B9A-2F54-F446-1A10CEA217C7}.Debug|Any CPU.Build.0 = Debug|Any CPU
		{DE0D012E-9B9A-2F54-F446-1A10CEA217C7}.Release|Any CPU.ActiveCfg = Release|Any CPU
		{DE0D012E-9B9A-2F54-F446-1A10CEA217C7}.Release|Any CPU.Build.0 = Release|Any CPU
		{84A1C9DF-0168-B7DA-2742-96D10DABD4A6}.Debug|Any CPU.ActiveCfg = Debug|Any CPU
		{84A1C9DF-0168-B7DA-2742-96D10DABD4A6}.Debug|Any CPU.Build.0 = Debug|Any CPU
		{84A1C9DF-0168-B7DA-2742-96D10DABD4A6}.Release|Any CPU.ActiveCfg = Release|Any CPU
		{84A1C9DF-0168-B7DA-2742-96D10DABD4A6}.Release|Any CPU.Build.0 = Release|Any CPU
		{EF983572-B518-3146-3033-273CA644BCCA}.Debug|Any CPU.ActiveCfg = Debug|Any CPU
		{EF983572-B518-3146-3033-273CA644BCCA}.Debug|Any CPU.Build.0 = Debug|Any CPU
		{EF983572-B518-3146-3033-273CA644BCCA}.Release|Any CPU.ActiveCfg = Release|Any CPU
		{EF983572-B518-3146-3033-273CA644BCCA}.Release|Any CPU.Build.0 = Release|Any CPU
		{E8FA3A1E-DBCE-A2C6-5251-C7F692B1A855}.Debug|Any CPU.ActiveCfg = Debug|Any CPU
		{E8FA3A1E-DBCE-A2C6-5251-C7F692B1A855}.Debug|Any CPU.Build.0 = Debug|Any CPU
		{E8FA3A1E-DBCE-A2C6-5251-C7F692B1A855}.Release|Any CPU.ActiveCfg = Release|Any CPU
		{E8FA3A1E-DBCE-A2C6-5251-C7F692B1A855}.Release|Any CPU.Build.0 = Release|Any CPU
		{9AD62ED0-AA25-28FE-16DA-CFE1F349F96C}.Debug|Any CPU.ActiveCfg = Debug|Any CPU
		{9AD62ED0-AA25-28FE-16DA-CFE1F349F96C}.Debug|Any CPU.Build.0 = Debug|Any CPU
		{9AD62ED0-AA25-28FE-16DA-CFE1F349F96C}.Release|Any CPU.ActiveCfg = Release|Any CPU
		{9AD62ED0-AA25-28FE-16DA-CFE1F349F96C}.Release|Any CPU.Build.0 = Release|Any CPU
		{C0455EDF-4327-C972-0F66-B23119633614}.Debug|Any CPU.ActiveCfg = Debug|Any CPU
		{C0455EDF-4327-C972-0F66-B23119633614}.Debug|Any CPU.Build.0 = Debug|Any CPU
		{C0455EDF-4327-C972-0F66-B23119633614}.Release|Any CPU.ActiveCfg = Release|Any CPU
		{C0455EDF-4327-C972-0F66-B23119633614}.Release|Any CPU.Build.0 = Release|Any CPU
		{C4B9ABF1-ABC2-E94D-F980-AEC806DAA05C}.Debug|Any CPU.ActiveCfg = Debug|Any CPU
		{C4B9ABF1-ABC2-E94D-F980-AEC806DAA05C}.Debug|Any CPU.Build.0 = Debug|Any CPU
		{C4B9ABF1-ABC2-E94D-F980-AEC806DAA05C}.Release|Any CPU.ActiveCfg = Release|Any CPU
		{C4B9ABF1-ABC2-E94D-F980-AEC806DAA05C}.Release|Any CPU.Build.0 = Release|Any CPU
		{F11E709F-E795-2B95-730F-0938BEA2982C}.Debug|Any CPU.ActiveCfg = Debug|Any CPU
		{F11E709F-E795-2B95-730F-0938BEA2982C}.Debug|Any CPU.Build.0 = Debug|Any CPU
		{F11E709F-E795-2B95-730F-0938BEA2982C}.Release|Any CPU.ActiveCfg = Release|Any CPU
		{F11E709F-E795-2B95-730F-0938BEA2982C}.Release|Any CPU.Build.0 = Release|Any CPU
		{37703F96-3A9D-1CA5-EE3D-EF1EDF5D5E46}.Debug|Any CPU.ActiveCfg = Debug|Any CPU
		{37703F96-3A9D-1CA5-EE3D-EF1EDF5D5E46}.Debug|Any CPU.Build.0 = Debug|Any CPU
		{37703F96-3A9D-1CA5-EE3D-EF1EDF5D5E46}.Release|Any CPU.ActiveCfg = Release|Any CPU
		{37703F96-3A9D-1CA5-EE3D-EF1EDF5D5E46}.Release|Any CPU.Build.0 = Release|Any CPU
		{25E282E2-2775-9661-3132-E9F689AAA5AA}.Debug|Any CPU.ActiveCfg = Debug|Any CPU
		{25E282E2-2775-9661-3132-E9F689AAA5AA}.Debug|Any CPU.Build.0 = Debug|Any CPU
		{25E282E2-2775-9661-3132-E9F689AAA5AA}.Release|Any CPU.ActiveCfg = Release|Any CPU
		{25E282E2-2775-9661-3132-E9F689AAA5AA}.Release|Any CPU.Build.0 = Release|Any CPU
		{723ABC4F-2B7B-436D-1E24-EDB21369DD86}.Debug|Any CPU.ActiveCfg = Debug|Any CPU
		{723ABC4F-2B7B-436D-1E24-EDB21369DD86}.Debug|Any CPU.Build.0 = Debug|Any CPU
		{723ABC4F-2B7B-436D-1E24-EDB21369DD86}.Release|Any CPU.ActiveCfg = Release|Any CPU
		{723ABC4F-2B7B-436D-1E24-EDB21369DD86}.Release|Any CPU.Build.0 = Release|Any CPU
		{349AC7C8-9647-8CB4-AC09-3CD7FDD3ACBE}.Debug|Any CPU.ActiveCfg = Debug|Any CPU
		{349AC7C8-9647-8CB4-AC09-3CD7FDD3ACBE}.Debug|Any CPU.Build.0 = Debug|Any CPU
		{349AC7C8-9647-8CB4-AC09-3CD7FDD3ACBE}.Release|Any CPU.ActiveCfg = Release|Any CPU
		{349AC7C8-9647-8CB4-AC09-3CD7FDD3ACBE}.Release|Any CPU.Build.0 = Release|Any CPU
		{16CB7012-193E-185C-4D72-A7DAC7BDD839}.Debug|Any CPU.ActiveCfg = Debug|Any CPU
		{16CB7012-193E-185C-4D72-A7DAC7BDD839}.Debug|Any CPU.Build.0 = Debug|Any CPU
		{16CB7012-193E-185C-4D72-A7DAC7BDD839}.Release|Any CPU.ActiveCfg = Release|Any CPU
		{16CB7012-193E-185C-4D72-A7DAC7BDD839}.Release|Any CPU.Build.0 = Release|Any CPU
		{32491364-C375-2589-9EB4-DBF88111963B}.Debug|Any CPU.ActiveCfg = Debug|Any CPU
		{32491364-C375-2589-9EB4-DBF88111963B}.Debug|Any CPU.Build.0 = Debug|Any CPU
		{32491364-C375-2589-9EB4-DBF88111963B}.Release|Any CPU.ActiveCfg = Release|Any CPU
		{32491364-C375-2589-9EB4-DBF88111963B}.Release|Any CPU.Build.0 = Release|Any CPU
		{4731D9A7-3DD9-9D0A-C56F-A288D1AE0841}.Debug|Any CPU.ActiveCfg = Debug|Any CPU
		{4731D9A7-3DD9-9D0A-C56F-A288D1AE0841}.Debug|Any CPU.Build.0 = Debug|Any CPU
		{4731D9A7-3DD9-9D0A-C56F-A288D1AE0841}.Release|Any CPU.ActiveCfg = Release|Any CPU
		{4731D9A7-3DD9-9D0A-C56F-A288D1AE0841}.Release|Any CPU.Build.0 = Release|Any CPU
		{60E8C8A1-00F0-88FA-072C-7D3536429AA3}.Debug|Any CPU.ActiveCfg = Debug|Any CPU
		{60E8C8A1-00F0-88FA-072C-7D3536429AA3}.Debug|Any CPU.Build.0 = Debug|Any CPU
		{60E8C8A1-00F0-88FA-072C-7D3536429AA3}.Release|Any CPU.ActiveCfg = Release|Any CPU
		{60E8C8A1-00F0-88FA-072C-7D3536429AA3}.Release|Any CPU.Build.0 = Release|Any CPU
		{08C5A29E-021F-F2EE-DA16-5484D154AFB8}.Debug|Any CPU.ActiveCfg = Debug|Any CPU
		{08C5A29E-021F-F2EE-DA16-5484D154AFB8}.Debug|Any CPU.Build.0 = Debug|Any CPU
		{08C5A29E-021F-F2EE-DA16-5484D154AFB8}.Release|Any CPU.ActiveCfg = Release|Any CPU
		{08C5A29E-021F-F2EE-DA16-5484D154AFB8}.Release|Any CPU.Build.0 = Release|Any CPU
		{7140584C-0305-B219-E427-F5CB998DD1ED}.Debug|Any CPU.ActiveCfg = Debug|Any CPU
		{7140584C-0305-B219-E427-F5CB998DD1ED}.Debug|Any CPU.Build.0 = Debug|Any CPU
		{7140584C-0305-B219-E427-F5CB998DD1ED}.Release|Any CPU.ActiveCfg = Release|Any CPU
		{7140584C-0305-B219-E427-F5CB998DD1ED}.Release|Any CPU.Build.0 = Release|Any CPU
		{6EEDD679-1953-3D74-BC8B-EF4685BE2041}.Debug|Any CPU.ActiveCfg = Debug|Any CPU
		{6EEDD679-1953-3D74-BC8B-EF4685BE2041}.Debug|Any CPU.Build.0 = Debug|Any CPU
		{6EEDD679-1953-3D74-BC8B-EF4685BE2041}.Release|Any CPU.ActiveCfg = Release|Any CPU
		{6EEDD679-1953-3D74-BC8B-EF4685BE2041}.Release|Any CPU.Build.0 = Release|Any CPU
		{11CF78B8-DFB5-3BF3-7585-3D8E9776A64F}.Debug|Any CPU.ActiveCfg = Debug|Any CPU
		{11CF78B8-DFB5-3BF3-7585-3D8E9776A64F}.Debug|Any CPU.Build.0 = Debug|Any CPU
		{11CF78B8-DFB5-3BF3-7585-3D8E9776A64F}.Release|Any CPU.ActiveCfg = Release|Any CPU
		{11CF78B8-DFB5-3BF3-7585-3D8E9776A64F}.Release|Any CPU.Build.0 = Release|Any CPU
		{0655F30F-B128-6618-291E-D931A22AC35E}.Debug|Any CPU.ActiveCfg = Debug|Any CPU
		{0655F30F-B128-6618-291E-D931A22AC35E}.Debug|Any CPU.Build.0 = Debug|Any CPU
		{0655F30F-B128-6618-291E-D931A22AC35E}.Release|Any CPU.ActiveCfg = Release|Any CPU
		{0655F30F-B128-6618-291E-D931A22AC35E}.Release|Any CPU.Build.0 = Release|Any CPU
		{70288B20-9EBF-68FB-FDFF-895138E87F3E}.Debug|Any CPU.ActiveCfg = Debug|Any CPU
		{70288B20-9EBF-68FB-FDFF-895138E87F3E}.Debug|Any CPU.Build.0 = Debug|Any CPU
		{70288B20-9EBF-68FB-FDFF-895138E87F3E}.Release|Any CPU.ActiveCfg = Release|Any CPU
		{70288B20-9EBF-68FB-FDFF-895138E87F3E}.Release|Any CPU.Build.0 = Release|Any CPU
		{0AFBF362-70B8-9E83-FAF0-FA02F56CFCE0}.Debug|Any CPU.ActiveCfg = Debug|Any CPU
		{0AFBF362-70B8-9E83-FAF0-FA02F56CFCE0}.Debug|Any CPU.Build.0 = Debug|Any CPU
		{0AFBF362-70B8-9E83-FAF0-FA02F56CFCE0}.Release|Any CPU.ActiveCfg = Release|Any CPU
		{0AFBF362-70B8-9E83-FAF0-FA02F56CFCE0}.Release|Any CPU.Build.0 = Release|Any CPU
		{06B572EE-FE9E-DFA0-4E2C-0EBD15D22F9F}.Debug|Any CPU.ActiveCfg = Debug|Any CPU
		{06B572EE-FE9E-DFA0-4E2C-0EBD15D22F9F}.Debug|Any CPU.Build.0 = Debug|Any CPU
		{06B572EE-FE9E-DFA0-4E2C-0EBD15D22F9F}.Release|Any CPU.ActiveCfg = Release|Any CPU
		{06B572EE-FE9E-DFA0-4E2C-0EBD15D22F9F}.Release|Any CPU.Build.0 = Release|Any CPU
		{561E4D0D-5358-6A0C-803D-08E1FE957624}.Debug|Any CPU.ActiveCfg = Debug|Any CPU
		{561E4D0D-5358-6A0C-803D-08E1FE957624}.Debug|Any CPU.Build.0 = Debug|Any CPU
		{561E4D0D-5358-6A0C-803D-08E1FE957624}.Release|Any CPU.ActiveCfg = Release|Any CPU
		{561E4D0D-5358-6A0C-803D-08E1FE957624}.Release|Any CPU.Build.0 = Release|Any CPU
		{7AC494CD-EA8D-065C-39A0-52857EAF4272}.Debug|Any CPU.ActiveCfg = Debug|Any CPU
		{7AC494CD-EA8D-065C-39A0-52857EAF4272}.Debug|Any CPU.Build.0 = Debug|Any CPU
		{7AC494CD-EA8D-065C-39A0-52857EAF4272}.Release|Any CPU.ActiveCfg = Release|Any CPU
		{7AC494CD-EA8D-065C-39A0-52857EAF4272}.Release|Any CPU.Build.0 = Release|Any CPU
		{EDFE01F8-C6CB-EBE3-7475-A2A6DAA5220A}.Debug|Any CPU.ActiveCfg = Debug|Any CPU
		{EDFE01F8-C6CB-EBE3-7475-A2A6DAA5220A}.Debug|Any CPU.Build.0 = Debug|Any CPU
		{EDFE01F8-C6CB-EBE3-7475-A2A6DAA5220A}.Release|Any CPU.ActiveCfg = Release|Any CPU
		{EDFE01F8-C6CB-EBE3-7475-A2A6DAA5220A}.Release|Any CPU.Build.0 = Release|Any CPU
		{563D712D-C3DA-65B3-F245-E9F77A1DAE23}.Debug|Any CPU.ActiveCfg = Debug|Any CPU
		{563D712D-C3DA-65B3-F245-E9F77A1DAE23}.Debug|Any CPU.Build.0 = Debug|Any CPU
		{563D712D-C3DA-65B3-F245-E9F77A1DAE23}.Release|Any CPU.ActiveCfg = Release|Any CPU
		{563D712D-C3DA-65B3-F245-E9F77A1DAE23}.Release|Any CPU.Build.0 = Release|Any CPU
		{740C01C8-D030-D0C1-9282-6F108D0C8360}.Debug|Any CPU.ActiveCfg = Debug|Any CPU
		{740C01C8-D030-D0C1-9282-6F108D0C8360}.Debug|Any CPU.Build.0 = Debug|Any CPU
		{740C01C8-D030-D0C1-9282-6F108D0C8360}.Release|Any CPU.ActiveCfg = Release|Any CPU
		{740C01C8-D030-D0C1-9282-6F108D0C8360}.Release|Any CPU.Build.0 = Release|Any CPU
		{EA89BD93-61CA-D37B-2BB8-8E718688C35D}.Debug|Any CPU.ActiveCfg = Debug|Any CPU
		{EA89BD93-61CA-D37B-2BB8-8E718688C35D}.Debug|Any CPU.Build.0 = Debug|Any CPU
		{EA89BD93-61CA-D37B-2BB8-8E718688C35D}.Release|Any CPU.ActiveCfg = Release|Any CPU
		{EA89BD93-61CA-D37B-2BB8-8E718688C35D}.Release|Any CPU.Build.0 = Release|Any CPU
		{17A95E12-CBD2-48D8-B409-245BFF4B5AB2}.Debug|Any CPU.ActiveCfg = Debug|Any CPU
		{17A95E12-CBD2-48D8-B409-245BFF4B5AB2}.Debug|Any CPU.Build.0 = Debug|Any CPU
		{17A95E12-CBD2-48D8-B409-245BFF4B5AB2}.Release|Any CPU.ActiveCfg = Release|Any CPU
		{17A95E12-CBD2-48D8-B409-245BFF4B5AB2}.Release|Any CPU.Build.0 = Release|Any CPU
		{EECA7A9D-EE91-8E77-70A1-7AF4C46B9800}.Debug|Any CPU.ActiveCfg = Debug|Any CPU
		{EECA7A9D-EE91-8E77-70A1-7AF4C46B9800}.Debug|Any CPU.Build.0 = Debug|Any CPU
		{EECA7A9D-EE91-8E77-70A1-7AF4C46B9800}.Release|Any CPU.ActiveCfg = Release|Any CPU
		{EECA7A9D-EE91-8E77-70A1-7AF4C46B9800}.Release|Any CPU.Build.0 = Release|Any CPU
		{CD569B63-9E3E-D5E9-AA39-D25B297FA0B6}.Debug|Any CPU.ActiveCfg = Debug|Any CPU
		{CD569B63-9E3E-D5E9-AA39-D25B297FA0B6}.Debug|Any CPU.Build.0 = Debug|Any CPU
		{CD569B63-9E3E-D5E9-AA39-D25B297FA0B6}.Release|Any CPU.ActiveCfg = Release|Any CPU
		{CD569B63-9E3E-D5E9-AA39-D25B297FA0B6}.Release|Any CPU.Build.0 = Release|Any CPU
		{F4905770-BB1E-6E12-D4C4-B31268EC6EAC}.Debug|Any CPU.ActiveCfg = Debug|Any CPU
		{F4905770-BB1E-6E12-D4C4-B31268EC6EAC}.Debug|Any CPU.Build.0 = Debug|Any CPU
		{F4905770-BB1E-6E12-D4C4-B31268EC6EAC}.Release|Any CPU.ActiveCfg = Release|Any CPU
		{F4905770-BB1E-6E12-D4C4-B31268EC6EAC}.Release|Any CPU.Build.0 = Release|Any CPU
		{5E695BA0-1A0F-1490-E3EE-1B4A2239D7E1}.Debug|Any CPU.ActiveCfg = Debug|Any CPU
		{5E695BA0-1A0F-1490-E3EE-1B4A2239D7E1}.Debug|Any CPU.Build.0 = Debug|Any CPU
		{5E695BA0-1A0F-1490-E3EE-1B4A2239D7E1}.Release|Any CPU.ActiveCfg = Release|Any CPU
		{5E695BA0-1A0F-1490-E3EE-1B4A2239D7E1}.Release|Any CPU.Build.0 = Release|Any CPU
		{0D6B6F50-029A-01C1-04E2-A1380432A9E7}.Debug|Any CPU.ActiveCfg = Debug|Any CPU
		{0D6B6F50-029A-01C1-04E2-A1380432A9E7}.Debug|Any CPU.Build.0 = Debug|Any CPU
		{0D6B6F50-029A-01C1-04E2-A1380432A9E7}.Release|Any CPU.ActiveCfg = Release|Any CPU
		{0D6B6F50-029A-01C1-04E2-A1380432A9E7}.Release|Any CPU.Build.0 = Release|Any CPU
		{B33AC855-D587-8A0F-4F0D-6E666D56EBF9}.Debug|Any CPU.ActiveCfg = Debug|Any CPU
		{B33AC855-D587-8A0F-4F0D-6E666D56EBF9}.Debug|Any CPU.Build.0 = Debug|Any CPU
		{B33AC855-D587-8A0F-4F0D-6E666D56EBF9}.Release|Any CPU.ActiveCfg = Release|Any CPU
		{B33AC855-D587-8A0F-4F0D-6E666D56EBF9}.Release|Any CPU.Build.0 = Release|Any CPU
		{DF5B892E-B58A-1004-8CBA-C682C32B97BB}.Debug|Any CPU.ActiveCfg = Debug|Any CPU
		{DF5B892E-B58A-1004-8CBA-C682C32B97BB}.Debug|Any CPU.Build.0 = Debug|Any CPU
		{DF5B892E-B58A-1004-8CBA-C682C32B97BB}.Release|Any CPU.ActiveCfg = Release|Any CPU
		{DF5B892E-B58A-1004-8CBA-C682C32B97BB}.Release|Any CPU.Build.0 = Release|Any CPU
		{A826CED6-F8C0-F9BB-5260-63B041EB8587}.Debug|Any CPU.ActiveCfg = Debug|Any CPU
		{A826CED6-F8C0-F9BB-5260-63B041EB8587}.Debug|Any CPU.Build.0 = Debug|Any CPU
		{A826CED6-F8C0-F9BB-5260-63B041EB8587}.Release|Any CPU.ActiveCfg = Release|Any CPU
		{A826CED6-F8C0-F9BB-5260-63B041EB8587}.Release|Any CPU.Build.0 = Release|Any CPU
		{B55263B9-7648-825F-8D2B-F5C1997D929B}.Debug|Any CPU.ActiveCfg = Debug|Any CPU
		{B55263B9-7648-825F-8D2B-F5C1997D929B}.Debug|Any CPU.Build.0 = Debug|Any CPU
		{B55263B9-7648-825F-8D2B-F5C1997D929B}.Release|Any CPU.ActiveCfg = Release|Any CPU
		{B55263B9-7648-825F-8D2B-F5C1997D929B}.Release|Any CPU.Build.0 = Release|Any CPU
		{91C6B66B-A9E7-E676-3ADA-863024357FE0}.Debug|Any CPU.ActiveCfg = Debug|Any CPU
		{91C6B66B-A9E7-E676-3ADA-863024357FE0}.Debug|Any CPU.Build.0 = Debug|Any CPU
		{91C6B66B-A9E7-E676-3ADA-863024357FE0}.Release|Any CPU.ActiveCfg = Release|Any CPU
		{91C6B66B-A9E7-E676-3ADA-863024357FE0}.Release|Any CPU.Build.0 = Release|Any CPU
		{E4E6B0A5-D464-4A76-EA32-64DDA81FA441}.Debug|Any CPU.ActiveCfg = Debug|Any CPU
		{E4E6B0A5-D464-4A76-EA32-64DDA81FA441}.Debug|Any CPU.Build.0 = Debug|Any CPU
		{E4E6B0A5-D464-4A76-EA32-64DDA81FA441}.Release|Any CPU.ActiveCfg = Release|Any CPU
		{E4E6B0A5-D464-4A76-EA32-64DDA81FA441}.Release|Any CPU.Build.0 = Release|Any CPU
		{7ABA8F68-3D1F-F571-1DAD-2E0579C87F4B}.Debug|Any CPU.ActiveCfg = Debug|Any CPU
		{7ABA8F68-3D1F-F571-1DAD-2E0579C87F4B}.Debug|Any CPU.Build.0 = Debug|Any CPU
		{7ABA8F68-3D1F-F571-1DAD-2E0579C87F4B}.Release|Any CPU.ActiveCfg = Release|Any CPU
		{7ABA8F68-3D1F-F571-1DAD-2E0579C87F4B}.Release|Any CPU.Build.0 = Release|Any CPU
		{1B9D8A97-B9B3-0408-CF24-D29E81C9BC28}.Debug|Any CPU.ActiveCfg = Debug|Any CPU
		{1B9D8A97-B9B3-0408-CF24-D29E81C9BC28}.Debug|Any CPU.Build.0 = Debug|Any CPU
		{1B9D8A97-B9B3-0408-CF24-D29E81C9BC28}.Release|Any CPU.ActiveCfg = Release|Any CPU
		{1B9D8A97-B9B3-0408-CF24-D29E81C9BC28}.Release|Any CPU.Build.0 = Release|Any CPU
		{0E93546C-6EBB-7622-2814-6BD0291343AB}.Debug|Any CPU.ActiveCfg = Debug|Any CPU
		{0E93546C-6EBB-7622-2814-6BD0291343AB}.Debug|Any CPU.Build.0 = Debug|Any CPU
		{0E93546C-6EBB-7622-2814-6BD0291343AB}.Release|Any CPU.ActiveCfg = Release|Any CPU
		{0E93546C-6EBB-7622-2814-6BD0291343AB}.Release|Any CPU.Build.0 = Release|Any CPU
		{9539ED97-C860-4DDA-BA37-15311B741BC4}.Debug|Any CPU.ActiveCfg = Debug|Any CPU
		{9539ED97-C860-4DDA-BA37-15311B741BC4}.Debug|Any CPU.Build.0 = Debug|Any CPU
		{9539ED97-C860-4DDA-BA37-15311B741BC4}.Release|Any CPU.ActiveCfg = Release|Any CPU
		{9539ED97-C860-4DDA-BA37-15311B741BC4}.Release|Any CPU.Build.0 = Release|Any CPU
		{E50C206F-E197-95E9-DBB8-DAD6689371DE}.Debug|Any CPU.ActiveCfg = Debug|Any CPU
		{E50C206F-E197-95E9-DBB8-DAD6689371DE}.Debug|Any CPU.Build.0 = Debug|Any CPU
		{E50C206F-E197-95E9-DBB8-DAD6689371DE}.Release|Any CPU.ActiveCfg = Release|Any CPU
		{E50C206F-E197-95E9-DBB8-DAD6689371DE}.Release|Any CPU.Build.0 = Release|Any CPU
		{E2A34986-8609-BED4-0029-69ACE6A6B7D8}.Debug|Any CPU.ActiveCfg = Debug|Any CPU
		{E2A34986-8609-BED4-0029-69ACE6A6B7D8}.Debug|Any CPU.Build.0 = Debug|Any CPU
		{E2A34986-8609-BED4-0029-69ACE6A6B7D8}.Release|Any CPU.ActiveCfg = Release|Any CPU
		{E2A34986-8609-BED4-0029-69ACE6A6B7D8}.Release|Any CPU.Build.0 = Release|Any CPU
		{AF4A7334-9F59-DA3C-01DD-477672DC3E91}.Debug|Any CPU.ActiveCfg = Debug|Any CPU
		{AF4A7334-9F59-DA3C-01DD-477672DC3E91}.Debug|Any CPU.Build.0 = Debug|Any CPU
		{AF4A7334-9F59-DA3C-01DD-477672DC3E91}.Release|Any CPU.ActiveCfg = Release|Any CPU
		{AF4A7334-9F59-DA3C-01DD-477672DC3E91}.Release|Any CPU.Build.0 = Release|Any CPU
		{3B1C0434-7F8E-68D7-D2EF-040AFD4442DB}.Debug|Any CPU.ActiveCfg = Debug|Any CPU
		{3B1C0434-7F8E-68D7-D2EF-040AFD4442DB}.Debug|Any CPU.Build.0 = Debug|Any CPU
		{3B1C0434-7F8E-68D7-D2EF-040AFD4442DB}.Release|Any CPU.ActiveCfg = Release|Any CPU
		{3B1C0434-7F8E-68D7-D2EF-040AFD4442DB}.Release|Any CPU.Build.0 = Release|Any CPU
		{AD070219-BAE4-7258-53D4-99D88811CC7C}.Debug|Any CPU.ActiveCfg = Debug|Any CPU
		{AD070219-BAE4-7258-53D4-99D88811CC7C}.Debug|Any CPU.Build.0 = Debug|Any CPU
		{AD070219-BAE4-7258-53D4-99D88811CC7C}.Release|Any CPU.ActiveCfg = Release|Any CPU
		{AD070219-BAE4-7258-53D4-99D88811CC7C}.Release|Any CPU.Build.0 = Release|Any CPU
		{D62B9BE3-D0D5-08E0-EC55-D4C0F9241828}.Debug|Any CPU.ActiveCfg = Debug|Any CPU
		{D62B9BE3-D0D5-08E0-EC55-D4C0F9241828}.Debug|Any CPU.Build.0 = Debug|Any CPU
		{D62B9BE3-D0D5-08E0-EC55-D4C0F9241828}.Release|Any CPU.ActiveCfg = Release|Any CPU
		{D62B9BE3-D0D5-08E0-EC55-D4C0F9241828}.Release|Any CPU.Build.0 = Release|Any CPU
		{C14B5D88-D58E-6EB7-E1FE-44D70C683649}.Debug|Any CPU.ActiveCfg = Debug|Any CPU
		{C14B5D88-D58E-6EB7-E1FE-44D70C683649}.Debug|Any CPU.Build.0 = Debug|Any CPU
		{C14B5D88-D58E-6EB7-E1FE-44D70C683649}.Release|Any CPU.ActiveCfg = Release|Any CPU
		{C14B5D88-D58E-6EB7-E1FE-44D70C683649}.Release|Any CPU.Build.0 = Release|Any CPU
		{393E5020-1B75-0CA3-923C-FCA86A801A3F}.Debug|Any CPU.ActiveCfg = Debug|Any CPU
		{393E5020-1B75-0CA3-923C-FCA86A801A3F}.Debug|Any CPU.Build.0 = Debug|Any CPU
		{393E5020-1B75-0CA3-923C-FCA86A801A3F}.Release|Any CPU.ActiveCfg = Release|Any CPU
		{393E5020-1B75-0CA3-923C-FCA86A801A3F}.Release|Any CPU.Build.0 = Release|Any CPU
		{0B8C0F09-C011-79E5-C186-347B79175FFE}.Debug|Any CPU.ActiveCfg = Debug|Any CPU
		{0B8C0F09-C011-79E5-C186-347B79175FFE}.Debug|Any CPU.Build.0 = Debug|Any CPU
		{0B8C0F09-C011-79E5-C186-347B79175FFE}.Release|Any CPU.ActiveCfg = Release|Any CPU
		{0B8C0F09-C011-79E5-C186-347B79175FFE}.Release|Any CPU.Build.0 = Release|Any CPU
		{67D02793-4081-C736-FCEC-0ECF4DF06238}.Debug|Any CPU.ActiveCfg = Debug|Any CPU
		{67D02793-4081-C736-FCEC-0ECF4DF06238}.Debug|Any CPU.Build.0 = Debug|Any CPU
		{67D02793-4081-C736-FCEC-0ECF4DF06238}.Release|Any CPU.ActiveCfg = Release|Any CPU
		{67D02793-4081-C736-FCEC-0ECF4DF06238}.Release|Any CPU.Build.0 = Release|Any CPU
		{D351D111-0320-67AA-75E9-A34A7379BE0F}.Debug|Any CPU.ActiveCfg = Debug|Any CPU
		{D351D111-0320-67AA-75E9-A34A7379BE0F}.Debug|Any CPU.Build.0 = Debug|Any CPU
		{D351D111-0320-67AA-75E9-A34A7379BE0F}.Release|Any CPU.ActiveCfg = Release|Any CPU
		{D351D111-0320-67AA-75E9-A34A7379BE0F}.Release|Any CPU.Build.0 = Release|Any CPU
		{0AA5A5B6-24E3-7A80-53B4-89B6AF531F00}.Debug|Any CPU.ActiveCfg = Debug|Any CPU
		{0AA5A5B6-24E3-7A80-53B4-89B6AF531F00}.Debug|Any CPU.Build.0 = Debug|Any CPU
		{0AA5A5B6-24E3-7A80-53B4-89B6AF531F00}.Release|Any CPU.ActiveCfg = Release|Any CPU
		{0AA5A5B6-24E3-7A80-53B4-89B6AF531F00}.Release|Any CPU.Build.0 = Release|Any CPU
		{9FF72D0B-041A-FC62-0C95-3E53E833B555}.Debug|Any CPU.ActiveCfg = Debug|Any CPU
		{9FF72D0B-041A-FC62-0C95-3E53E833B555}.Debug|Any CPU.Build.0 = Debug|Any CPU
		{9FF72D0B-041A-FC62-0C95-3E53E833B555}.Release|Any CPU.ActiveCfg = Release|Any CPU
		{9FF72D0B-041A-FC62-0C95-3E53E833B555}.Release|Any CPU.Build.0 = Release|Any CPU
		{03FF27D7-9C25-1363-2769-1297AB57522D}.Debug|Any CPU.ActiveCfg = Debug|Any CPU
		{03FF27D7-9C25-1363-2769-1297AB57522D}.Debug|Any CPU.Build.0 = Debug|Any CPU
		{03FF27D7-9C25-1363-2769-1297AB57522D}.Release|Any CPU.ActiveCfg = Release|Any CPU
		{03FF27D7-9C25-1363-2769-1297AB57522D}.Release|Any CPU.Build.0 = Release|Any CPU
		{443A50A8-CBC4-8749-A905-8B828C69D4F9}.Debug|Any CPU.ActiveCfg = Debug|Any CPU
		{443A50A8-CBC4-8749-A905-8B828C69D4F9}.Debug|Any CPU.Build.0 = Debug|Any CPU
		{443A50A8-CBC4-8749-A905-8B828C69D4F9}.Release|Any CPU.ActiveCfg = Release|Any CPU
		{443A50A8-CBC4-8749-A905-8B828C69D4F9}.Release|Any CPU.Build.0 = Release|Any CPU
		{B73D1881-36A5-BDD3-2800-F6D80FE561B0}.Debug|Any CPU.ActiveCfg = Debug|Any CPU
		{B73D1881-36A5-BDD3-2800-F6D80FE561B0}.Debug|Any CPU.Build.0 = Debug|Any CPU
		{B73D1881-36A5-BDD3-2800-F6D80FE561B0}.Release|Any CPU.ActiveCfg = Release|Any CPU
		{B73D1881-36A5-BDD3-2800-F6D80FE561B0}.Release|Any CPU.Build.0 = Release|Any CPU
		{85C98307-C050-768E-821F-2976FB006AFC}.Debug|Any CPU.ActiveCfg = Debug|Any CPU
		{85C98307-C050-768E-821F-2976FB006AFC}.Debug|Any CPU.Build.0 = Debug|Any CPU
		{85C98307-C050-768E-821F-2976FB006AFC}.Release|Any CPU.ActiveCfg = Release|Any CPU
		{85C98307-C050-768E-821F-2976FB006AFC}.Release|Any CPU.Build.0 = Release|Any CPU
		{C8343E0F-2F7C-45D1-73C0-17F74E7B3282}.Debug|Any CPU.ActiveCfg = Debug|Any CPU
		{C8343E0F-2F7C-45D1-73C0-17F74E7B3282}.Debug|Any CPU.Build.0 = Debug|Any CPU
		{C8343E0F-2F7C-45D1-73C0-17F74E7B3282}.Release|Any CPU.ActiveCfg = Release|Any CPU
		{C8343E0F-2F7C-45D1-73C0-17F74E7B3282}.Release|Any CPU.Build.0 = Release|Any CPU
		{AE519B2A-3984-4308-51D0-1E4D24524C5D}.Debug|Any CPU.ActiveCfg = Debug|Any CPU
		{AE519B2A-3984-4308-51D0-1E4D24524C5D}.Debug|Any CPU.Build.0 = Debug|Any CPU
		{AE519B2A-3984-4308-51D0-1E4D24524C5D}.Release|Any CPU.ActiveCfg = Release|Any CPU
		{AE519B2A-3984-4308-51D0-1E4D24524C5D}.Release|Any CPU.Build.0 = Release|Any CPU
		{DA8CD184-8DB6-772D-2403-5E0B09F8C741}.Debug|Any CPU.ActiveCfg = Debug|Any CPU
		{DA8CD184-8DB6-772D-2403-5E0B09F8C741}.Debug|Any CPU.Build.0 = Debug|Any CPU
		{DA8CD184-8DB6-772D-2403-5E0B09F8C741}.Release|Any CPU.ActiveCfg = Release|Any CPU
		{DA8CD184-8DB6-772D-2403-5E0B09F8C741}.Release|Any CPU.Build.0 = Release|Any CPU
		{63215F09-3E77-E30B-AEA9-1E36BF7CB576}.Debug|Any CPU.ActiveCfg = Debug|Any CPU
		{63215F09-3E77-E30B-AEA9-1E36BF7CB576}.Debug|Any CPU.Build.0 = Debug|Any CPU
		{63215F09-3E77-E30B-AEA9-1E36BF7CB576}.Release|Any CPU.ActiveCfg = Release|Any CPU
		{63215F09-3E77-E30B-AEA9-1E36BF7CB576}.Release|Any CPU.Build.0 = Release|Any CPU
		{A2B246CA-1EEF-BC02-12DB-F386290A296D}.Debug|Any CPU.ActiveCfg = Debug|Any CPU
		{A2B246CA-1EEF-BC02-12DB-F386290A296D}.Debug|Any CPU.Build.0 = Debug|Any CPU
		{A2B246CA-1EEF-BC02-12DB-F386290A296D}.Release|Any CPU.ActiveCfg = Release|Any CPU
		{A2B246CA-1EEF-BC02-12DB-F386290A296D}.Release|Any CPU.Build.0 = Release|Any CPU
		{4CDBAE35-8CD1-4A0F-8912-B79D0BB43B83}.Debug|Any CPU.ActiveCfg = Debug|Any CPU
		{4CDBAE35-8CD1-4A0F-8912-B79D0BB43B83}.Debug|Any CPU.Build.0 = Debug|Any CPU
		{4CDBAE35-8CD1-4A0F-8912-B79D0BB43B83}.Release|Any CPU.ActiveCfg = Release|Any CPU
		{4CDBAE35-8CD1-4A0F-8912-B79D0BB43B83}.Release|Any CPU.Build.0 = Release|Any CPU
	EndGlobalSection
	GlobalSection(SolutionProperties) = preSolution
		HideSolutionNode = FALSE
	EndGlobalSection
EndGlobal
