
Microsoft Visual Studio Solution File, Format Version 12.00
# Visual Studio 14
VisualStudioVersion = 14.0.25420.1
MinimumVisualStudioVersion = 10.0.40219.1
Project("{55FA0569-4672-16E5-EA03-DDD2565F7492}") = "Juliet.src.testcases.CWE643_Xpath_Injection.CWE643_Xpath_Injection.csproj", "src/testcases/CWE643_Xpath_Injection/CWE643_Xpath_Injection.csproj", "{B73D1881-36A5-BDD3-2800-F6D80FE561B0}"
EndProject
Project("{55FA0569-4672-16E5-EA03-DDD2565F7492}") = "Juliet.src.testcases.CWE89_SQL_Injection.s01.CWE89_SQL_Injection_s01.csproj", "src/testcases/CWE89_SQL_Injection/s01/CWE89_SQL_Injection_s01.csproj", "{FEFC2808-57A2-B150-CCB1-0CD32BF23989}"
EndProject
Project("{55FA0569-4672-16E5-EA03-DDD2565F7492}") = "Juliet.src.testcases.CWE89_SQL_Injection.s02.CWE89_SQL_Injection_s02.csproj", "src/testcases/CWE89_SQL_Injection/s02/CWE89_SQL_Injection_s02.csproj", "{E1849815-F4C1-C68F-F6D0-195B897F226D}"
EndProject
Project("{55FA0569-4672-16E5-EA03-DDD2565F7492}") = "Juliet.src.testcases.CWE90_LDAP_Injection.CWE90_LDAP_Injection.csproj", "src/testcases/CWE90_LDAP_Injection/CWE90_LDAP_Injection.csproj", "{AD070219-BAE4-7258-53D4-99D88811CC7C}"
EndProject
Project("{55FA0569-4672-16E5-EA03-DDD2565F7492}") = "Juliet.src.testcases.CWE327_Use_Broken_Crypto.CWE327_Use_Broken_Crypto.csproj", "src/testcases/CWE327_Use_Broken_Crypto/CWE327_Use_Broken_Crypto.csproj", "{7ABA8F68-3D1F-F571-1DAD-2E0579C87F4B}"
EndProject
Project("{55FA0569-4672-16E5-EA03-DDD2565F7492}") = "Juliet.src.testcases.CWE601_Open_Redirect.CWE601_Open_Redirect.csproj", "src/testcases/CWE601_Open_Redirect/CWE601_Open_Redirect.csproj", "{0AFBF362-70B8-9E83-FAF0-FA02F56CFCE0}"
EndProject
Project("{55FA0569-4672-16E5-EA03-DDD2565F7492}") = "Juliet.src.testcases.CWE78_OS_Command_Injection.CWE78_OS_Command_Injection.csproj", "src/testcases/CWE78_OS_Command_Injection/CWE78_OS_Command_Injection.csproj", "{67D02793-4081-C736-FCEC-0ECF4DF06238}"
EndProject
Project("{55FA0569-4672-16E5-EA03-DDD2565F7492}") = "TestCaseSupport", "src/testcases/common/..\..\TestCaseSupport\TestCaseSupport\TestCaseSupport.csproj", "{4CDBAE35-8CD1-4A0F-8912-B79D0BB43B83}"
EndProject
Global
	GlobalSection(SolutionConfigurationPlatforms) = preSolution
		Debug|Any CPU = Debug|Any CPU
		Release|Any CPU = Release|Any CPU
	EndGlobalSection
	GlobalSection(ProjectConfigurationPlatforms) = postSolution
		{B73D1881-36A5-BDD3-2800-F6D80FE561B0}.Debug|Any CPU.ActiveCfg = Debug|Any CPU
		{B73D1881-36A5-BDD3-2800-F6D80FE561B0}.Debug|Any CPU.Build.0 = Debug|Any CPU
		{B73D1881-36A5-BDD3-2800-F6D80FE561B0}.Release|Any CPU.ActiveCfg = Release|Any CPU
		{B73D1881-36A5-BDD3-2800-F6D80FE561B0}.Release|Any CPU.Build.0 = Release|Any CPU
		{FEFC2808-57A2-B150-CCB1-0CD32BF23989}.Debug|Any CPU.ActiveCfg = Debug|Any CPU
		{FEFC2808-57A2-B150-CCB1-0CD32BF23989}.Debug|Any CPU.Build.0 = Debug|Any CPU
		{FEFC2808-57A2-B150-CCB1-0CD32BF23989}.Release|Any CPU.ActiveCfg = Release|Any CPU
		{FEFC2808-57A2-B150-CCB1-0CD32BF23989}.Release|Any CPU.Build.0 = Release|Any CPU
		{E1849815-F4C1-C68F-F6D0-195B897F226D}.Debug|Any CPU.ActiveCfg = Debug|Any CPU
		{E1849815-F4C1-C68F-F6D0-195B897F226D}.Debug|Any CPU.Build.0 = Debug|Any CPU
		{E1849815-F4C1-C68F-F6D0-195B897F226D}.Release|Any CPU.ActiveCfg = Release|Any CPU
		{E1849815-F4C1-C68F-F6D0-195B897F226D}.Release|Any CPU.Build.0 = Release|Any CPU
		{AD070219-BAE4-7258-53D4-99D88811CC7C}.Debug|Any CPU.ActiveCfg = Debug|Any CPU
		{AD070219-BAE4-7258-53D4-99D88811CC7C}.Debug|Any CPU.Build.0 = Debug|Any CPU
		{AD070219-BAE4-7258-53D4-99D88811CC7C}.Release|Any CPU.ActiveCfg = Release|Any CPU
		{AD070219-BAE4-7258-53D4-99D88811CC7C}.Release|Any CPU.Build.0 = Release|Any CPU
		{7ABA8F68-3D1F-F571-1DAD-2E0579C87F4B}.Debug|Any CPU.ActiveCfg = Debug|Any CPU
		{7ABA8F68-3D1F-F571-1DAD-2E0579C87F4B}.Debug|Any CPU.Build.0 = Debug|Any CPU
		{7ABA8F68-3D1F-F571-1DAD-2E0579C87F4B}.Release|Any CPU.ActiveCfg = Release|Any CPU
		{7ABA8F68-3D1F-F571-1DAD-2E0579C87F4B}.Release|Any CPU.Build.0 = Release|Any CPU
		{0AFBF362-70B8-9E83-FAF0-FA02F56CFCE0}.Debug|Any CPU.ActiveCfg = Debug|Any CPU
		{0AFBF362-70B8-9E83-FAF0-FA02F56CFCE0}.Debug|Any CPU.Build.0 = Debug|Any CPU
		{0AFBF362-70B8-9E83-FAF0-FA02F56CFCE0}.Release|Any CPU.ActiveCfg = Release|Any CPU
		{0AFBF362-70B8-9E83-FAF0-FA02F56CFCE0}.Release|Any CPU.Build.0 = Release|Any CPU
		{67D02793-4081-C736-FCEC-0ECF4DF06238}.Debug|Any CPU.ActiveCfg = Debug|Any CPU
		{67D02793-4081-C736-FCEC-0ECF4DF06238}.Debug|Any CPU.Build.0 = Debug|Any CPU
		{67D02793-4081-C736-FCEC-0ECF4DF06238}.Release|Any CPU.ActiveCfg = Release|Any CPU
		{67D02793-4081-C736-FCEC-0ECF4DF06238}.Release|Any CPU.Build.0 = Release|Any CPU
		{4CDBAE35-8CD1-4A0F-8912-B79D0BB43B83}.Debug|Any CPU.ActiveCfg = Debug|Any CPU
		{4CDBAE35-8CD1-4A0F-8912-B79D0BB43B83}.Debug|Any CPU.Build.0 = Debug|Any CPU
		{4CDBAE35-8CD1-4A0F-8912-B79D0BB43B83}.Release|Any CPU.ActiveCfg = Release|Any CPU
		{4CDBAE35-8CD1-4A0F-8912-B79D0BB43B83}.Release|Any CPU.Build.0 = Release|Any CPU
	EndGlobalSection
	GlobalSection(SolutionProperties) = preSolution
		HideSolutionNode = FALSE
	EndGlobalSection
EndGlobal
